<?xml version="1.0" encoding="utf-8"?>
<Project ToolsVersion="4.0" xmlns="http://schemas.microsoft.com/developer/msbuild/2003">
  <ItemGroup>
    <Filter Include="Source Files">
      <UniqueIdentifier>{4FC737F1-C7A5-4376-A066-2A32D752A2FF}</UniqueIdentifier>
      <Extensions>cpp;c;cc;cxx;def;odl;idl;hpj;bat;asm;asmx</Extensions>
    </Filter>
    <Filter Include="Header Files">
      <UniqueIdentifier>{93995380-89BD-4b04-88EB-625FBE52EBFB}</UniqueIdentifier>
      <Extensions>h;hh;hpp;hxx;hm;inl;inc;xsd</Extensions>
    </Filter>
    <Filter Include="Resource Files">
      <UniqueIdentifier>{67DA6AB6-F800-4c08-8B7A-83BB121AAD01}</UniqueIdentifier>
      <Extensions>rc;ico;cur;bmp;dlg;rc2;rct;bin;rgs;gif;jpg;jpeg;jpe;resx;tiff;tif;png;wav;mfcribbon-ms</Extensions>
    </Filter>
    <Filter Include="Header Files\ib">
      <UniqueIdentifier>{d4a6c08b-99fd-4a41-bb4b-586f6dc3e88a}</UniqueIdentifier>
    </Filter>
    <Filter Include="Source Files\ib">
      <UniqueIdentifier>{07e87061-9444-43d5-b3cd-a3db06313354}</UniqueIdentifier>
    </Filter>
  </ItemGroup>
  <ItemGroup>
    <ClCompile Include="vnib.cpp">
      <Filter>Source Files</Filter>
    </ClCompile>
    <ClCompile Include="..\..\ibapi\windows\client\ContractCondition.cpp">
      <Filter>Source Files\ib</Filter>
    </ClCompile>
    <ClCompile Include="..\..\ibapi\windows\client\DefaultEWrapper.cpp">
      <Filter>Source Files\ib</Filter>
    </ClCompile>
    <ClCompile Include="..\..\ibapi\windows\client\EClient.cpp">
      <Filter>Source Files\ib</Filter>
    </ClCompile>
    <ClCompile Include="..\..\ibapi\windows\client\EClientSocket.cpp">
      <Filter>Source Files\ib</Filter>
    </ClCompile>
    <ClCompile Include="..\..\ibapi\windows\client\EDecoder.cpp">
      <Filter>Source Files\ib</Filter>
    </ClCompile>
    <ClCompile Include="..\..\ibapi\windows\client\EMessage.cpp">
      <Filter>Source Files\ib</Filter>
    </ClCompile>
    <ClCompile Include="..\..\ibapi\windows\client\EMutex.cpp">
      <Filter>Source Files\ib</Filter>
    </ClCompile>
    <ClCompile Include="..\..\ibapi\windows\client\EReader.cpp">
      <Filter>Source Files\ib</Filter>
    </ClCompile>
    <ClCompile Include="..\..\ibapi\windows\client\EReaderOSSignal.cpp">
      <Filter>Source Files\ib</Filter>
    </ClCompile>
    <ClCompile Include="..\..\ibapi\windows\client\EReaderWMSignal.cpp">
      <Filter>Source Files\ib</Filter>
    </ClCompile>
    <ClCompile Include="..\..\ibapi\windows\client\ESocket.cpp">
      <Filter>Source Files\ib</Filter>
    </ClCompile>
    <ClCompile Include="..\..\ibapi\windows\client\executioncondition.cpp">
      <Filter>Source Files\ib</Filter>
    </ClCompile>
    <ClCompile Include="..\..\ibapi\windows\client\MarginCondition.cpp">
      <Filter>Source Files\ib</Filter>
    </ClCompile>
    <ClCompile Include="..\..\ibapi\windows\client\OperatorCondition.cpp">
      <Filter>Source Files\ib</Filter>
    </ClCompile>
    <ClCompile Include="..\..\ibapi\windows\client\OrderCondition.cpp">
      <Filter>Source Files\ib</Filter>
    </ClCompile>
    <ClCompile Include="..\..\ibapi\windows\client\PercentChangeCondition.cpp">
      <Filter>Source Files\ib</Filter>
    </ClCompile>
    <ClCompile Include="..\..\ibapi\windows\client\PriceCondition.cpp">
      <Filter>Source Files\ib</Filter>
    </ClCompile>
    <ClCompile Include="..\..\ibapi\windows\client\SoftDollarTier.cpp">
      <Filter>Source Files\ib</Filter>
    </ClCompile>
    <ClCompile Include="..\..\ibapi\windows\client\StdAfx.cpp">
      <Filter>Source Files\ib</Filter>
    </ClCompile>
    <ClCompile Include="..\..\ibapi\windows\client\TimeCondition.cpp">
      <Filter>Source Files\ib</Filter>
    </ClCompile>
    <ClCompile Include="..\..\ibapi\windows\client\VolumeCondition.cpp">
      <Filter>Source Files\ib</Filter>
    </ClCompile>
  </ItemGroup>
  <ItemGroup>
    <ClInclude Include="vnib.h">
      <Filter>Header Files</Filter>
    </ClInclude>
    <ClInclude Include="..\..\ibapi\windows\client\CommissionReport.h">
      <Filter>Header Files\ib</Filter>
    </ClInclude>
    <ClInclude Include="..\..\ibapi\windows\client\CommonDefs.h">
      <Filter>Header Files\ib</Filter>
    </ClInclude>
    <ClInclude Include="..\..\ibapi\windows\client\Contract.h">
      <Filter>Header Files\ib</Filter>
    </ClInclude>
    <ClInclude Include="..\..\ibapi\windows\client\ContractCondition.h">
      <Filter>Header Files\ib</Filter>
    </ClInclude>
    <ClInclude Include="..\..\ibapi\windows\client\DefaultEWrapper.h">
      <Filter>Header Files\ib</Filter>
    </ClInclude>
    <ClInclude Include="..\..\ibapi\windows\client\EClient.h">
      <Filter>Header Files\ib</Filter>
    </ClInclude>
    <ClInclude Include="..\..\ibapi\windows\client\EClientMsgSink.h">
      <Filter>Header Files\ib</Filter>
    </ClInclude>
    <ClInclude Include="..\..\ibapi\windows\client\EClientSocket.h">
      <Filter>Header Files\ib</Filter>
    </ClInclude>
    <ClInclude Include="..\..\ibapi\windows\client\EDecoder.h">
      <Filter>Header Files\ib</Filter>
    </ClInclude>
    <ClInclude Include="..\..\ibapi\windows\client\EMessage.h">
      <Filter>Header Files\ib</Filter>
    </ClInclude>
    <ClInclude Include="..\..\ibapi\windows\client\EMutex.h">
      <Filter>Header Files\ib</Filter>
    </ClInclude>
    <ClInclude Include="..\..\ibapi\windows\client\EPosixClientSocketPlatform.h">
      <Filter>Header Files\ib</Filter>
    </ClInclude>
    <ClInclude Include="..\..\ibapi\windows\client\EReader.h">
      <Filter>Header Files\ib</Filter>
    </ClInclude>
    <ClInclude Include="..\..\ibapi\windows\client\EReaderOSSignal.h">
      <Filter>Header Files\ib</Filter>
    </ClInclude>
    <ClInclude Include="..\..\ibapi\windows\client\EReaderSignal.h">
      <Filter>Header Files\ib</Filter>
    </ClInclude>
    <ClInclude Include="..\..\ibapi\windows\client\EReaderWMSignal.h">
      <Filter>Header Files\ib</Filter>
    </ClInclude>
    <ClInclude Include="..\..\ibapi\windows\client\ESocket.h">
      <Filter>Header Files\ib</Filter>
    </ClInclude>
    <ClInclude Include="..\..\ibapi\windows\client\ETransport.h">
      <Filter>Header Files\ib</Filter>
    </ClInclude>
    <ClInclude Include="..\..\ibapi\windows\client\EWrapper.h">
      <Filter>Header Files\ib</Filter>
    </ClInclude>
    <ClInclude Include="..\..\ibapi\windows\client\Execution.h">
      <Filter>Header Files\ib</Filter>
    </ClInclude>
    <ClInclude Include="..\..\ibapi\windows\client\executioncondition.h">
      <Filter>Header Files\ib</Filter>
    </ClInclude>
    <ClInclude Include="..\..\ibapi\windows\client\IExternalizable.h">
      <Filter>Header Files\ib</Filter>
    </ClInclude>
    <ClInclude Include="..\..\ibapi\windows\client\MarginCondition.h">
      <Filter>Header Files\ib</Filter>
    </ClInclude>
    <ClInclude Include="..\..\ibapi\windows\client\OperatorCondition.h">
      <Filter>Header Files\ib</Filter>
    </ClInclude>
    <ClInclude Include="..\..\ibapi\windows\client\Order.h">
      <Filter>Header Files\ib</Filter>
    </ClInclude>
    <ClInclude Include="..\..\ibapi\windows\client\OrderCondition.h">
      <Filter>Header Files\ib</Filter>
    </ClInclude>
    <ClInclude Include="..\..\ibapi\windows\client\OrderState.h">
      <Filter>Header Files\ib</Filter>
    </ClInclude>
    <ClInclude Include="..\..\ibapi\windows\client\PercentChangeCondition.h">
      <Filter>Header Files\ib</Filter>
    </ClInclude>
    <ClInclude Include="..\..\ibapi\windows\client\PriceCondition.h">
      <Filter>Header Files\ib</Filter>
    </ClInclude>
    <ClInclude Include="..\..\ibapi\windows\client\Resource.h">
      <Filter>Header Files\ib</Filter>
    </ClInclude>
    <ClInclude Include="..\..\ibapi\windows\client\ScannerSubscription.h">
      <Filter>Header Files\ib</Filter>
    </ClInclude>
    <ClInclude Include="..\..\ibapi\windows\client\shared_ptr.h">
      <Filter>Header Files\ib</Filter>
    </ClInclude>
    <ClInclude Include="..\..\ibapi\windows\client\SoftDollarTier.h">
      <Filter>Header Files\ib</Filter>
    </ClInclude>
    <ClInclude Include="..\..\ibapi\windows\client\StdAfx.h">
      <Filter>Header Files\ib</Filter>
    </ClInclude>
    <ClInclude Include="..\..\ibapi\windows\client\TagValue.h">
      <Filter>Header Files\ib</Filter>
    </ClInclude>
    <ClInclude Include="..\..\ibapi\windows\client\TimeCondition.h">
      <Filter>Header Files\ib</Filter>
    </ClInclude>
    <ClInclude Include="..\..\ibapi\windows\client\TwsSocketClientErrors.h">
      <Filter>Header Files\ib</Filter>
    </ClInclude>
    <ClInclude Include="..\..\ibapi\windows\client\VolumeCondition.h">
      <Filter>Header Files\ib</Filter>
    </ClInclude>
  </ItemGroup>
</Project>