
Microsoft Visual Studio Solution File, Format Version 12.00
# Visual Studio 15
VisualStudioVersion = 15.0.28307.1145
MinimumVisualStudioVersion = 10.0.40219.1
Project("{8BC9CEB8-8B4A-11D0-8D11-00A0C91BC942}") = "vnesmd", "vnesmd\vnesmd.vcxproj", "{082D9D31-AF00-4E60-A23B-B0554EBC005A}"
EndProject
Project("{8BC9CEB8-8B4A-11D0-8D11-00A0C91BC942}") = "vnestd", "vnestd\vnestd.vcxproj", "{F50272FA-B5C8-4B4E-86EB-DD00972460F0}"
EndProject
Global
	GlobalSection(SolutionConfigurationPlatforms) = preSolution
		Debug|x64 = Debug|x64
		Debug|x86 = Debug|x86
		Release|x64 = Release|x64
		Release|x86 = Release|x86
	EndGlobalSection
	GlobalSection(ProjectConfigurationPlatforms) = postSolution
		{082D9D31-AF00-4E60-A23B-B0554EBC005A}.Debug|x64.ActiveCfg = Debug|x64
		{082D9D31-AF00-4E60-A23B-B0554EBC005A}.Debug|x64.Build.0 = Debug|x64
		{082D9D31-AF00-4E60-A23B-B0554EBC005A}.Debug|x86.ActiveCfg = Debug|Win32
		{082D9D31-AF00-4E60-A23B-B0554EBC005A}.Debug|x86.Build.0 = Debug|Win32
		{082D9D31-AF00-4E60-A23B-B0554EBC005A}.Release|x64.ActiveCfg = Release|x64
		{082D9D31-AF00-4E60-A23B-B0554EBC005A}.Release|x64.Build.0 = Release|x64
		{082D9D31-AF00-4E60-A23B-B0554EBC005A}.Release|x86.ActiveCfg = Release|Win32
		{082D9D31-AF00-4E60-A23B-B0554EBC005A}.Release|x86.Build.0 = Release|Win32
		{F50272FA-B5C8-4B4E-86EB-DD00972460F0}.Debug|x64.ActiveCfg = Debug|x64
		{F50272FA-B5C8-4B4E-86EB-DD00972460F0}.Debug|x64.Build.0 = Debug|x64
		{F50272FA-B5C8-4B4E-86EB-DD00972460F0}.Debug|x86.ActiveCfg = Debug|Win32
		{F50272FA-B5C8-4B4E-86EB-DD00972460F0}.Debug|x86.Build.0 = Debug|Win32
		{F50272FA-B5C8-4B4E-86EB-DD00972460F0}.Release|x64.ActiveCfg = Release|x64
		{F50272FA-B5C8-4B4E-86EB-DD00972460F0}.Release|x64.Build.0 = Release|x64
		{F50272FA-B5C8-4B4E-86EB-DD00972460F0}.Release|x86.ActiveCfg = Release|Win32
		{F50272FA-B5C8-4B4E-86EB-DD00972460F0}.Release|x86.Build.0 = Release|Win32
	EndGlobalSection
	GlobalSection(SolutionProperties) = preSolution
		HideSolutionNode = FALSE
	EndGlobalSection
	GlobalSection(ExtensibilityGlobals) = postSolution
		SolutionGuid = {1613651F-0760-45BE-944F-94B63B6C1864}
	EndGlobalSection
EndGlobal
