
Microsoft Visual Studio Solution File, Format Version 12.00
# Visual Studio 15
VisualStudioVersion = 15.0.28307.960
MinimumVisualStudioVersion = 10.0.40219.1
Project("{8BC9CEB8-8B4A-11D0-8D11-00A0C91BC942}") = "vnsipmd", "vnsipmd\vnsipmd.vcxproj", "{F194EA40-DAA9-462F-B05B-A2C5FD0F2911}"
EndProject
Global
	GlobalSection(SolutionConfigurationPlatforms) = preSolution
		Debug|x64 = Debug|x64
		Debug|x86 = Debug|x86
		Release|x64 = Release|x64
		Release|x86 = Release|x86
	EndGlobalSection
	GlobalSection(ProjectConfigurationPlatforms) = postSolution
		{F194EA40-DAA9-462F-B05B-A2C5FD0F2911}.Debug|x64.ActiveCfg = Debug|x64
		{F194EA40-DAA9-462F-B05B-A2C5FD0F2911}.Debug|x64.Build.0 = Debug|x64
		{F194EA40-DAA9-462F-B05B-A2C5FD0F2911}.Debug|x86.ActiveCfg = Debug|Win32
		{F194EA40-DAA9-462F-B05B-A2C5FD0F2911}.Debug|x86.Build.0 = Debug|Win32
		{F194EA40-DAA9-462F-B05B-A2C5FD0F2911}.Release|x64.ActiveCfg = Release|x64
		{F194EA40-DAA9-462F-B05B-A2C5FD0F2911}.Release|x64.Build.0 = Release|x64
		{F194EA40-DAA9-462F-B05B-A2C5FD0F2911}.Release|x86.ActiveCfg = Release|Win32
		{F194EA40-DAA9-462F-B05B-A2C5FD0F2911}.Release|x86.Build.0 = Release|Win32
	EndGlobalSection
	GlobalSection(SolutionProperties) = preSolution
		HideSolutionNode = FALSE
	EndGlobalSection
	GlobalSection(ExtensibilityGlobals) = postSolution
		SolutionGuid = {E7B31F92-9B0F-439A-9A33-B3B53C8736B6}
	EndGlobalSection
EndGlobal
