<?xml version="1.0" encoding="utf-8"?>
<Project ToolsVersion="4.0" xmlns="http://schemas.microsoft.com/developer/msbuild/2003">
  <ItemGroup>
    <Filter Include="Header Files">
      <UniqueIdentifier>{ac71f923-1042-47ca-9ab1-d891dea40f0b}</UniqueIdentifier>
      <Extensions>h;hpp;hxx;hm;inl</Extensions>
    </Filter>
    <Filter Include="Source Files">
      <UniqueIdentifier>{c51ce52f-1d02-4a5e-87af-c8aa7c362c2b}</UniqueIdentifier>
      <Extensions>cpp;c;cxx;rc;def;r;odl;idl;hpj;bat</Extensions>
    </Filter>
    <Filter Include="Resource Files">
      <UniqueIdentifier>{184fc178-a3d6-4942-8482-47030d2a2d44}</UniqueIdentifier>
      <Extensions>ico;cur;bmp;dlg;rc2;rct;bin;cnt;rtf;gif;jpg;jpeg;jpe</Extensions>
    </Filter>
  </ItemGroup>
  <ItemGroup>
    <ClCompile Include="EClientSocketSSL.cpp">
      <Filter>Source Files</Filter>
    </ClCompile>
    <ClCompile Include="EReaderSSL.cpp">
      <Filter>Source Files</Filter>
    </ClCompile>
    <ClCompile Include="ESocketSSL.cpp">
      <Filter>Source Files</Filter>
    </ClCompile>
    <ClCompile Include="StdAfx.cpp">
      <Filter>Source Files</Filter>
    </ClCompile>
  </ItemGroup>
  <ItemGroup>
    <ClInclude Include="EClientSocketSSL.h">
      <Filter>Header Files</Filter>
    </ClInclude>
    <ClInclude Include="EReaderSSL.h">
      <Filter>Header Files</Filter>
    </ClInclude>
    <ClInclude Include="ESocketSSL.h">
      <Filter>Header Files</Filter>
    </ClInclude>
    <ClInclude Include="StdAfx.h">
      <Filter>Header Files</Filter>
    </ClInclude>
  </ItemGroup>
  <ItemGroup>
    <None Include="TwsSocketClientSSL.def">
      <Filter>Source Files</Filter>
    </None>
    <None Include="res\TwsSocketClientSSL.rc2">
      <Filter>Resource Files</Filter>
    </None>
  </ItemGroup>
  <ItemGroup>
    <ResourceCompile Include="TwsSocketClientSSL.rc">
      <Filter>Source Files</Filter>
    </ResourceCompile>
  </ItemGroup>
</Project>