
Microsoft Visual Studio Solution File, Format Version 12.00
# Visual Studio Version 16
VisualStudioVersion = 16.0.28803.202
MinimumVisualStudioVersion = 10.0.40219.1
Project("{8BC9CEB8-8B4A-11D0-8D11-00A0C91BC942}") = "vnitap", "vnitap\vnitap.vcxproj", "{B4DDEDDF-B142-47CE-8D11-DF57370BF4EF}"
EndProject
Global
	GlobalSection(SolutionConfigurationPlatforms) = preSolution
		Debug|x64 = Debug|x64
		Debug|x86 = Debug|x86
		Release|x64 = Release|x64
		Release|x86 = Release|x86
	EndGlobalSection
	GlobalSection(ProjectConfigurationPlatforms) = postSolution
		{B4DDEDDF-B142-47CE-8D11-DF57370BF4EF}.Debug|x64.ActiveCfg = Debug|x64
		{B4DDEDDF-B142-47CE-8D11-DF57370BF4EF}.Debug|x64.Build.0 = Debug|x64
		{B4DDEDDF-B142-47CE-8D11-DF57370BF4EF}.Debug|x86.ActiveCfg = Debug|Win32
		{B4DDEDDF-B142-47CE-8D11-DF57370BF4EF}.Debug|x86.Build.0 = Debug|Win32
		{B4DDEDDF-B142-47CE-8D11-DF57370BF4EF}.Release|x64.ActiveCfg = Release|x64
		{B4DDEDDF-B142-47CE-8D11-DF57370BF4EF}.Release|x64.Build.0 = Release|x64
		{B4DDEDDF-B142-47CE-8D11-DF57370BF4EF}.Release|x86.ActiveCfg = Release|Win32
		{B4DDEDDF-B142-47CE-8D11-DF57370BF4EF}.Release|x86.Build.0 = Release|Win32
	EndGlobalSection
	GlobalSection(SolutionProperties) = preSolution
		HideSolutionNode = FALSE
	EndGlobalSection
	GlobalSection(ExtensibilityGlobals) = postSolution
		SolutionGuid = {749FD565-415D-46CA-AD10-FC133AD1853A}
	EndGlobalSection
EndGlobal
