
Microsoft Visual Studio Solution File, Format Version 12.00
# Visual Studio 15
VisualStudioVersion = 15.0.28307.960
MinimumVisualStudioVersion = 10.0.40219.1
Project("{8BC9CEB8-8B4A-11D0-8D11-00A0C91BC942}") = "vnihqmd", "vnihqmd\vnihqmd.vcxproj", "{E500D8AD-81D6-4CF2-8AA2-8E7C7DD7D301}"
EndProject
Global
	GlobalSection(SolutionConfigurationPlatforms) = preSolution
		Debug|x64 = Debug|x64
		Debug|x86 = Debug|x86
		Release|x64 = Release|x64
		Release|x86 = Release|x86
	EndGlobalSection
	GlobalSection(ProjectConfigurationPlatforms) = postSolution
		{E500D8AD-81D6-4CF2-8AA2-8E7C7DD7D301}.Debug|x64.ActiveCfg = Debug|x64
		{E500D8AD-81D6-4CF2-8AA2-8E7C7DD7D301}.Debug|x64.Build.0 = Debug|x64
		{E500D8AD-81D6-4CF2-8AA2-8E7C7DD7D301}.Debug|x86.ActiveCfg = Debug|Win32
		{E500D8AD-81D6-4CF2-8AA2-8E7C7DD7D301}.Debug|x86.Build.0 = Debug|Win32
		{E500D8AD-81D6-4CF2-8AA2-8E7C7DD7D301}.Release|x64.ActiveCfg = Release|x64
		{E500D8AD-81D6-4CF2-8AA2-8E7C7DD7D301}.Release|x64.Build.0 = Release|x64
		{E500D8AD-81D6-4CF2-8AA2-8E7C7DD7D301}.Release|x86.ActiveCfg = Release|Win32
		{E500D8AD-81D6-4CF2-8AA2-8E7C7DD7D301}.Release|x86.Build.0 = Release|Win32
	EndGlobalSection
	GlobalSection(SolutionProperties) = preSolution
		HideSolutionNode = FALSE
	EndGlobalSection
	GlobalSection(ExtensibilityGlobals) = postSolution
		SolutionGuid = {9DC0F0A5-B043-4698-BD11-1BEE15EBE3C9}
	EndGlobalSection
EndGlobal
