<?xml version="1.0" encoding="utf-8"?>
<Project ToolsVersion="4.0" xmlns="http://schemas.microsoft.com/developer/msbuild/2003">
  <ItemGroup>
    <Filter Include="Source Files">
      <UniqueIdentifier>{30dc5ca9-2340-4ff6-b505-7aff3246a1ec}</UniqueIdentifier>
      <Extensions>cpp;c;cxx;rc;def;r;odl;idl;hpj;bat</Extensions>
    </Filter>
    <Filter Include="Header Files">
      <UniqueIdentifier>{66b5e46e-9678-4326-b302-08f124b583dd}</UniqueIdentifier>
      <Extensions>h;hpp;hxx;hm;inl</Extensions>
    </Filter>
    <Filter Include="Resource Files">
      <UniqueIdentifier>{47050c63-4254-437a-8632-1ede3edf129e}</UniqueIdentifier>
      <Extensions>ico;cur;bmp;dlg;rc2;rct;bin;cnt;rtf;gif;jpg;jpeg;jpe</Extensions>
    </Filter>
  </ItemGroup>
  <ItemGroup>
    <ClCompile Include="StdAfx.cpp">
      <Filter>Source Files</Filter>
    </ClCompile>
    <ClCompile Include="EReaderWMSignal.cpp">
      <Filter>Source Files</Filter>
    </ClCompile>
    <ClCompile Include="EReaderOSSignal.cpp">
      <Filter>Source Files</Filter>
    </ClCompile>
    <ClCompile Include="EMutex.cpp">
      <Filter>Source Files</Filter>
    </ClCompile>
    <ClCompile Include="EDecoder.cpp">
      <Filter>Source Files</Filter>
    </ClCompile>
    <ClCompile Include="EMessage.cpp">
      <Filter>Source Files</Filter>
    </ClCompile>
    <ClCompile Include="EReader.cpp">
      <Filter>Source Files</Filter>
    </ClCompile>
    <ClCompile Include="DefaultEWrapper.cpp">
      <Filter>Source Files</Filter>
    </ClCompile>
    <ClCompile Include="EClient.cpp">
      <Filter>Source Files</Filter>
    </ClCompile>
    <ClCompile Include="EClientSocket.cpp">
      <Filter>Source Files</Filter>
    </ClCompile>
    <ClCompile Include="ESocket.cpp">
      <Filter>Source Files</Filter>
    </ClCompile>
    <ClCompile Include="OrderCondition.cpp">
      <Filter>Source Files</Filter>
    </ClCompile>
    <ClCompile Include="executioncondition.cpp">
      <Filter>Source Files</Filter>
    </ClCompile>
    <ClCompile Include="OperatorCondition.cpp">
      <Filter>Source Files</Filter>
    </ClCompile>
    <ClCompile Include="MarginCondition.cpp">
      <Filter>Source Files</Filter>
    </ClCompile>
    <ClCompile Include="TimeCondition.cpp">
      <Filter>Source Files</Filter>
    </ClCompile>
    <ClCompile Include="ContractCondition.cpp">
      <Filter>Source Files</Filter>
    </ClCompile>
    <ClCompile Include="PercentChangeCondition.cpp">
      <Filter>Source Files</Filter>
    </ClCompile>
    <ClCompile Include="PriceCondition.cpp">
      <Filter>Source Files</Filter>
    </ClCompile>
    <ClCompile Include="VolumeCondition.cpp">
      <Filter>Source Files</Filter>
    </ClCompile>
    <ClCompile Include="SoftDollarTier.cpp">
      <Filter>Source Files</Filter>
    </ClCompile>
  </ItemGroup>
  <ItemGroup>
    <None Include="TwsSocketClient.def">
      <Filter>Source Files</Filter>
    </None>
    <None Include="res\TwsSocketClient.rc2">
      <Filter>Resource Files</Filter>
    </None>
  </ItemGroup>
  <ItemGroup>
    <ResourceCompile Include="TwsSocketClient.rc">
      <Filter>Source Files</Filter>
    </ResourceCompile>
  </ItemGroup>
  <ItemGroup>
    <ClInclude Include="EPosixClientSocketPlatform.h">
      <Filter>Header Files</Filter>
    </ClInclude>
    <ClInclude Include="Resource.h">
      <Filter>Header Files</Filter>
    </ClInclude>
    <ClInclude Include="StdAfx.h">
      <Filter>Header Files</Filter>
    </ClInclude>
    <ClInclude Include="EReaderWMSignal.h">
      <Filter>Header Files</Filter>
    </ClInclude>
    <ClInclude Include="EReaderOSSignal.h">
      <Filter>Header Files</Filter>
    </ClInclude>
    <ClInclude Include="EMutex.h">
      <Filter>Header Files</Filter>
    </ClInclude>
    <ClInclude Include="EDecoder.h">
      <Filter>Header Files</Filter>
    </ClInclude>
    <ClInclude Include="EMessage.h">
      <Filter>Header Files</Filter>
    </ClInclude>
    <ClInclude Include="EReader.h">
      <Filter>Header Files</Filter>
    </ClInclude>
    <ClInclude Include="EReaderSignal.h">
      <Filter>Header Files</Filter>
    </ClInclude>
    <ClInclude Include="CommissionReport.h">
      <Filter>Header Files</Filter>
    </ClInclude>
    <ClInclude Include="CommonDefs.h">
      <Filter>Header Files</Filter>
    </ClInclude>
    <ClInclude Include="Contract.h">
      <Filter>Header Files</Filter>
    </ClInclude>
    <ClInclude Include="EWrapper.h">
      <Filter>Header Files</Filter>
    </ClInclude>
    <ClInclude Include="Execution.h">
      <Filter>Header Files</Filter>
    </ClInclude>
    <ClInclude Include="Order.h">
      <Filter>Header Files</Filter>
    </ClInclude>
    <ClInclude Include="OrderState.h">
      <Filter>Header Files</Filter>
    </ClInclude>
    <ClInclude Include="ScannerSubscription.h">
      <Filter>Header Files</Filter>
    </ClInclude>
    <ClInclude Include="shared_ptr.h">
      <Filter>Header Files</Filter>
    </ClInclude>
    <ClInclude Include="TagValue.h">
      <Filter>Header Files</Filter>
    </ClInclude>
    <ClInclude Include="TwsSocketClientErrors.h">
      <Filter>Header Files</Filter>
    </ClInclude>
    <ClInclude Include="DefaultEWrapper.h">
      <Filter>Header Files</Filter>
    </ClInclude>
    <ClInclude Include="EClientMsgSink.h">
      <Filter>Header Files</Filter>
    </ClInclude>
    <ClInclude Include="EClient.h">
      <Filter>Header Files</Filter>
    </ClInclude>
    <ClInclude Include="EClientSocket.h">
      <Filter>Header Files</Filter>
    </ClInclude>
    <ClInclude Include="ETransport.h">
      <Filter>Header Files</Filter>
    </ClInclude>
    <ClInclude Include="ESocket.h">
      <Filter>Header Files</Filter>
    </ClInclude>
    <ClInclude Include="OrderCondition.h">
      <Filter>Header Files</Filter>
    </ClInclude>
    <ClInclude Include="IExternalizable.h">
      <Filter>Header Files</Filter>
    </ClInclude>
    <ClInclude Include="executioncondition.h">
      <Filter>Header Files</Filter>
    </ClInclude>
    <ClInclude Include="OperatorCondition.h">
      <Filter>Header Files</Filter>
    </ClInclude>
    <ClInclude Include="MarginCondition.h">
      <Filter>Header Files</Filter>
    </ClInclude>
    <ClInclude Include="TimeCondition.h">
      <Filter>Header Files</Filter>
    </ClInclude>
    <ClInclude Include="ContractCondition.h">
      <Filter>Header Files</Filter>
    </ClInclude>
    <ClInclude Include="PercentChangeCondition.h">
      <Filter>Header Files</Filter>
    </ClInclude>
    <ClInclude Include="PriceCondition.h">
      <Filter>Header Files</Filter>
    </ClInclude>
    <ClInclude Include="VolumeCondition.h">
      <Filter>Header Files</Filter>
    </ClInclude>
    <ClInclude Include="SoftDollarTier.h">
      <Filter>Header Files</Filter>
    </ClInclude>
  </ItemGroup>
</Project>