
Microsoft Visual Studio Solution File, Format Version 12.00
# Visual Studio 15
VisualStudioVersion = 15.0.28307.960
MinimumVisualStudioVersion = 10.0.40219.1
Project("{8BC9CEB8-8B4A-11D0-8D11-00A0C91BC942}") = "vnksgoldmd", "vnksgoldmd\vnksgoldmd.vcxproj", "{8797481A-15A0-4323-B29D-97E139FF84D6}"
EndProject
Project("{8BC9CEB8-8B4A-11D0-8D11-00A0C91BC942}") = "vnksgoldtd", "vnksgoldtd\vnksgoldtd.vcxproj", "{A5E9F002-9725-47A3-B95F-907B8A2BB176}"
EndProject
Global
	GlobalSection(SolutionConfigurationPlatforms) = preSolution
		Debug|x64 = Debug|x64
		Debug|x86 = Debug|x86
		Release|x64 = Release|x64
		Release|x86 = Release|x86
	EndGlobalSection
	GlobalSection(ProjectConfigurationPlatforms) = postSolution
		{8797481A-15A0-4323-B29D-97E139FF84D6}.Debug|x64.ActiveCfg = Debug|x64
		{8797481A-15A0-4323-B29D-97E139FF84D6}.Debug|x64.Build.0 = Debug|x64
		{8797481A-15A0-4323-B29D-97E139FF84D6}.Debug|x86.ActiveCfg = Debug|Win32
		{8797481A-15A0-4323-B29D-97E139FF84D6}.Debug|x86.Build.0 = Debug|Win32
		{8797481A-15A0-4323-B29D-97E139FF84D6}.Release|x64.ActiveCfg = Release|x64
		{8797481A-15A0-4323-B29D-97E139FF84D6}.Release|x64.Build.0 = Release|x64
		{8797481A-15A0-4323-B29D-97E139FF84D6}.Release|x86.ActiveCfg = Release|Win32
		{8797481A-15A0-4323-B29D-97E139FF84D6}.Release|x86.Build.0 = Release|Win32
		{A5E9F002-9725-47A3-B95F-907B8A2BB176}.Debug|x64.ActiveCfg = Debug|x64
		{A5E9F002-9725-47A3-B95F-907B8A2BB176}.Debug|x64.Build.0 = Debug|x64
		{A5E9F002-9725-47A3-B95F-907B8A2BB176}.Debug|x86.ActiveCfg = Debug|Win32
		{A5E9F002-9725-47A3-B95F-907B8A2BB176}.Debug|x86.Build.0 = Debug|Win32
		{A5E9F002-9725-47A3-B95F-907B8A2BB176}.Release|x64.ActiveCfg = Release|x64
		{A5E9F002-9725-47A3-B95F-907B8A2BB176}.Release|x64.Build.0 = Release|x64
		{A5E9F002-9725-47A3-B95F-907B8A2BB176}.Release|x86.ActiveCfg = Release|Win32
		{A5E9F002-9725-47A3-B95F-907B8A2BB176}.Release|x86.Build.0 = Release|Win32
	EndGlobalSection
	GlobalSection(SolutionProperties) = preSolution
		HideSolutionNode = FALSE
	EndGlobalSection
	GlobalSection(ExtensibilityGlobals) = postSolution
		SolutionGuid = {64F7591D-4685-4920-A4D6-BAE39B152387}
	EndGlobalSection
EndGlobal
