
Microsoft Visual Studio Solution File, Format Version 12.00
# Visual Studio 15
VisualStudioVersion = 15.0.28307.1082
MinimumVisualStudioVersion = 10.0.40219.1
Project("{8BC9CEB8-8B4A-11D0-8D11-00A0C91BC942}") = "xtp_monitor", "xtp_monitor\xtp_monitor.vcxproj", "{0D6AA512-2382-44DD-A0D6-29C14BC5075B}"
EndProject
Global
	GlobalSection(SolutionConfigurationPlatforms) = preSolution
		Debug|x64 = Debug|x64
		Debug|x86 = Debug|x86
		Release|x64 = Release|x64
		Release|x86 = Release|x86
	EndGlobalSection
	GlobalSection(ProjectConfigurationPlatforms) = postSolution
		{0D6AA512-2382-44DD-A0D6-29C14BC5075B}.Debug|x64.ActiveCfg = Debug|x64
		{0D6AA512-2382-44DD-A0D6-29C14BC5075B}.Debug|x64.Build.0 = Debug|x64
		{0D6AA512-2382-44DD-A0D6-29C14BC5075B}.Debug|x86.ActiveCfg = Debug|Win32
		{0D6AA512-2382-44DD-A0D6-29C14BC5075B}.Debug|x86.Build.0 = Debug|Win32
		{0D6AA512-2382-44DD-A0D6-29C14BC5075B}.Release|x64.ActiveCfg = Release|x64
		{0D6AA512-2382-44DD-A0D6-29C14BC5075B}.Release|x64.Build.0 = Release|x64
		{0D6AA512-2382-44DD-A0D6-29C14BC5075B}.Release|x86.ActiveCfg = Release|Win32
		{0D6AA512-2382-44DD-A0D6-29C14BC5075B}.Release|x86.Build.0 = Release|Win32
	EndGlobalSection
	GlobalSection(SolutionProperties) = preSolution
		HideSolutionNode = FALSE
	EndGlobalSection
	GlobalSection(ExtensibilityGlobals) = postSolution
		SolutionGuid = {064013CE-9C47-4384-9718-8116259BADCC}
	EndGlobalSection
EndGlobal
