
Microsoft Visual Studio Solution File, Format Version 12.00
# Visual Studio 15
VisualStudioVersion = 15.0.28307.960
MinimumVisualStudioVersion = 10.0.40219.1
Project("{8BC9CEB8-8B4A-11D0-8D11-00A0C91BC942}") = "vngtjatd", "vngtjatd\vngtjatd.vcxproj", "{B99FF249-69F5-46DB-BF12-7112377D59FA}"
EndProject
Project("{8BC9CEB8-8B4A-11D0-8D11-00A0C91BC942}") = "vngtjamd", "vngtjamd\vngtjamd.vcxproj", "{FC218973-B272-4377-9D01-1BBF58362D7F}"
EndProject
Global
	GlobalSection(SolutionConfigurationPlatforms) = preSolution
		Debug|x64 = Debug|x64
		Debug|x86 = Debug|x86
		Release|x64 = Release|x64
		Release|x86 = Release|x86
	EndGlobalSection
	GlobalSection(ProjectConfigurationPlatforms) = postSolution
		{B99FF249-69F5-46DB-BF12-7112377D59FA}.Debug|x64.ActiveCfg = Debug|x64
		{B99FF249-69F5-46DB-BF12-7112377D59FA}.Debug|x64.Build.0 = Debug|x64
		{B99FF249-69F5-46DB-BF12-7112377D59FA}.Debug|x86.ActiveCfg = Debug|Win32
		{B99FF249-69F5-46DB-BF12-7112377D59FA}.Debug|x86.Build.0 = Debug|Win32
		{B99FF249-69F5-46DB-BF12-7112377D59FA}.Release|x64.ActiveCfg = Release|x64
		{B99FF249-69F5-46DB-BF12-7112377D59FA}.Release|x64.Build.0 = Release|x64
		{B99FF249-69F5-46DB-BF12-7112377D59FA}.Release|x86.ActiveCfg = Release|Win32
		{B99FF249-69F5-46DB-BF12-7112377D59FA}.Release|x86.Build.0 = Release|Win32
		{FC218973-B272-4377-9D01-1BBF58362D7F}.Debug|x64.ActiveCfg = Debug|x64
		{FC218973-B272-4377-9D01-1BBF58362D7F}.Debug|x64.Build.0 = Debug|x64
		{FC218973-B272-4377-9D01-1BBF58362D7F}.Debug|x86.ActiveCfg = Debug|Win32
		{FC218973-B272-4377-9D01-1BBF58362D7F}.Debug|x86.Build.0 = Debug|Win32
		{FC218973-B272-4377-9D01-1BBF58362D7F}.Release|x64.ActiveCfg = Release|x64
		{FC218973-B272-4377-9D01-1BBF58362D7F}.Release|x64.Build.0 = Release|x64
		{FC218973-B272-4377-9D01-1BBF58362D7F}.Release|x86.ActiveCfg = Release|Win32
		{FC218973-B272-4377-9D01-1BBF58362D7F}.Release|x86.Build.0 = Release|Win32
	EndGlobalSection
	GlobalSection(SolutionProperties) = preSolution
		HideSolutionNode = FALSE
	EndGlobalSection
	GlobalSection(ExtensibilityGlobals) = postSolution
		SolutionGuid = {E59B8FA5-15BC-4928-B09E-368C7B371F29}
	EndGlobalSection
EndGlobal
