
Microsoft Visual Studio Solution File, Format Version 12.00
# Visual Studio 15
VisualStudioVersion = 15.0.28307.902
MinimumVisualStudioVersion = 10.0.40219.1
Project("{8BC9CEB8-8B4A-11D0-8D11-00A0C91BC942}") = "vntapmd", "vntapmd\vntapmd.vcxproj", "{658FE250-174E-4D8F-B24E-F2954A2B3B1E}"
EndProject
Project("{8BC9CEB8-8B4A-11D0-8D11-00A0C91BC942}") = "vntaptd", "vntaptd\vntaptd.vcxproj", "{1FD7060C-AD08-4695-B459-789203573B5D}"
EndProject
Global
	GlobalSection(SolutionConfigurationPlatforms) = preSolution
		Debug|x64 = Debug|x64
		Debug|x86 = Debug|x86
		Release|x64 = Release|x64
		Release|x86 = Release|x86
	EndGlobalSection
	GlobalSection(ProjectConfigurationPlatforms) = postSolution
		{658FE250-174E-4D8F-B24E-F2954A2B3B1E}.Debug|x64.ActiveCfg = Debug|x64
		{658FE250-174E-4D8F-B24E-F2954A2B3B1E}.Debug|x64.Build.0 = Debug|x64
		{658FE250-174E-4D8F-B24E-F2954A2B3B1E}.Debug|x86.ActiveCfg = Debug|Win32
		{658FE250-174E-4D8F-B24E-F2954A2B3B1E}.Debug|x86.Build.0 = Debug|Win32
		{658FE250-174E-4D8F-B24E-F2954A2B3B1E}.Release|x64.ActiveCfg = Release|x64
		{658FE250-174E-4D8F-B24E-F2954A2B3B1E}.Release|x64.Build.0 = Release|x64
		{658FE250-174E-4D8F-B24E-F2954A2B3B1E}.Release|x86.ActiveCfg = Release|Win32
		{658FE250-174E-4D8F-B24E-F2954A2B3B1E}.Release|x86.Build.0 = Release|Win32
		{1FD7060C-AD08-4695-B459-789203573B5D}.Debug|x64.ActiveCfg = Debug|x64
		{1FD7060C-AD08-4695-B459-789203573B5D}.Debug|x64.Build.0 = Debug|x64
		{1FD7060C-AD08-4695-B459-789203573B5D}.Debug|x86.ActiveCfg = Debug|Win32
		{1FD7060C-AD08-4695-B459-789203573B5D}.Debug|x86.Build.0 = Debug|Win32
		{1FD7060C-AD08-4695-B459-789203573B5D}.Release|x64.ActiveCfg = Release|x64
		{1FD7060C-AD08-4695-B459-789203573B5D}.Release|x64.Build.0 = Release|x64
		{1FD7060C-AD08-4695-B459-789203573B5D}.Release|x86.ActiveCfg = Release|Win32
		{1FD7060C-AD08-4695-B459-789203573B5D}.Release|x86.Build.0 = Release|Win32
	EndGlobalSection
	GlobalSection(SolutionProperties) = preSolution
		HideSolutionNode = FALSE
	EndGlobalSection
	GlobalSection(ExtensibilityGlobals) = postSolution
		SolutionGuid = {E9E5E68F-432C-41A8-8FF3-83EAB5FE67EB}
	EndGlobalSection
EndGlobal
