
Microsoft Visual Studio Solution File, Format Version 12.00
# Visual Studio Version 16
VisualStudioVersion = 16.0.28803.202
MinimumVisualStudioVersion = 10.0.40219.1
Project("{8BC9CEB8-8B4A-11D0-8D11-00A0C91BC942}") = "vnxtp", "vnxtp\vnxtp.vcxproj", "{6D6F8BA0-9B7A-4E32-8C9A-EA0CE6BBD935}"
EndProject
Global
	GlobalSection(SolutionConfigurationPlatforms) = preSolution
		Debug|x64 = Debug|x64
		Debug|x86 = Debug|x86
		Release|x64 = Release|x64
		Release|x86 = Release|x86
	EndGlobalSection
	GlobalSection(ProjectConfigurationPlatforms) = postSolution
		{6D6F8BA0-9B7A-4E32-8C9A-EA0CE6BBD935}.Debug|x64.ActiveCfg = Debug|x64
		{6D6F8BA0-9B7A-4E32-8C9A-EA0CE6BBD935}.Debug|x64.Build.0 = Debug|x64
		{6D6F8BA0-9B7A-4E32-8C9A-EA0CE6BBD935}.Debug|x86.ActiveCfg = Debug|Win32
		{6D6F8BA0-9B7A-4E32-8C9A-EA0CE6BBD935}.Debug|x86.Build.0 = Debug|Win32
		{6D6F8BA0-9B7A-4E32-8C9A-EA0CE6BBD935}.Release|x64.ActiveCfg = Release|x64
		{6D6F8BA0-9B7A-4E32-8C9A-EA0CE6BBD935}.Release|x64.Build.0 = Release|x64
		{6D6F8BA0-9B7A-4E32-8C9A-EA0CE6BBD935}.Release|x86.ActiveCfg = Release|Win32
		{6D6F8BA0-9B7A-4E32-8C9A-EA0CE6BBD935}.Release|x86.Build.0 = Release|Win32
	EndGlobalSection
	GlobalSection(SolutionProperties) = preSolution
		HideSolutionNode = FALSE
	EndGlobalSection
	GlobalSection(ExtensibilityGlobals) = postSolution
		SolutionGuid = {EB015467-536A-462C-A5B4-34962404268C}
	EndGlobalSection
EndGlobal
