<?xml version="1.0" encoding="utf-8"?>
<Project ToolsVersion="4.0" xmlns="http://schemas.microsoft.com/developer/msbuild/2003">
  <ItemGroup>
    <Filter Include="Source Files">
      <UniqueIdentifier>{4FC737F1-C7A5-4376-A066-2A32D752A2FF}</UniqueIdentifier>
      <Extensions>cpp;c;cc;cxx;def;odl;idl;hpj;bat;asm;asmx</Extensions>
    </Filter>
    <Filter Include="Header Files">
      <UniqueIdentifier>{93995380-89BD-4b04-88EB-625FBE52EBFB}</UniqueIdentifier>
      <Extensions>h;hh;hpp;hxx;hm;inl;inc;ipp;xsd</Extensions>
    </Filter>
    <Filter Include="Resource Files">
      <UniqueIdentifier>{67DA6AB6-F800-4c08-8B7A-83BB121AAD01}</UniqueIdentifier>
      <Extensions>rc;ico;cur;bmp;dlg;rc2;rct;bin;rgs;gif;jpg;jpeg;jpe;resx;tiff;tif;png;wav;mfcribbon-ms</Extensions>
    </Filter>
  </ItemGroup>
  <ItemGroup>
    <ClCompile Include="generated_files\generated_functions_0.cpp">
      <Filter>Source Files</Filter>
    </ClCompile>
    <ClCompile Include="generated_files\generated_functions_1.cpp">
      <Filter>Source Files</Filter>
    </ClCompile>
    <ClCompile Include="generated_files\generated_functions_2.cpp">
      <Filter>Source Files</Filter>
    </ClCompile>
    <ClCompile Include="generated_files\generated_functions_3.cpp">
      <Filter>Source Files</Filter>
    </ClCompile>
    <ClCompile Include="generated_files\generated_functions_4.cpp">
      <Filter>Source Files</Filter>
    </ClCompile>
    <ClCompile Include="generated_files\generated_functions_5.cpp">
      <Filter>Source Files</Filter>
    </ClCompile>
    <ClCompile Include="generated_files\generated_functions_6.cpp">
      <Filter>Source Files</Filter>
    </ClCompile>
    <ClCompile Include="generated_files\generated_functions_7.cpp">
      <Filter>Source Files</Filter>
    </ClCompile>
    <ClCompile Include="generated_files\module.cpp">
      <Filter>Source Files</Filter>
    </ClCompile>
    <ClCompile Include="generated_files\generated_functions_8.cpp">
      <Filter>Source Files</Filter>
    </ClCompile>
    <ClCompile Include="generated_files\generated_functions_9.cpp">
      <Filter>Source Files</Filter>
    </ClCompile>
    <ClCompile Include="generated_files\generated_functions_10.cpp">
      <Filter>Source Files</Filter>
    </ClCompile>
    <ClCompile Include="generated_files\generated_functions_11.cpp">
      <Filter>Source Files</Filter>
    </ClCompile>
    <ClCompile Include="generated_files\generated_functions_12.cpp">
      <Filter>Source Files</Filter>
    </ClCompile>
    <ClCompile Include="generated_files\generated_functions_13.cpp">
      <Filter>Source Files</Filter>
    </ClCompile>
    <ClCompile Include="generated_files\generated_functions_14.cpp">
      <Filter>Source Files</Filter>
    </ClCompile>
    <ClCompile Include="generated_files\generated_functions_15.cpp">
      <Filter>Source Files</Filter>
    </ClCompile>
    <ClCompile Include="generated_files\generated_functions_16.cpp">
      <Filter>Source Files</Filter>
    </ClCompile>
    <ClCompile Include="generated_files\generated_functions_17.cpp">
      <Filter>Source Files</Filter>
    </ClCompile>
    <ClCompile Include="generated_files\generated_functions_18.cpp">
      <Filter>Source Files</Filter>
    </ClCompile>
    <ClCompile Include="generated_files\generated_functions_19.cpp">
      <Filter>Source Files</Filter>
    </ClCompile>
  </ItemGroup>
  <ItemGroup>
    <ClInclude Include="generated_files\generated_functions.h">
      <Filter>Header Files</Filter>
    </ClInclude>
    <ClInclude Include="generated_files\config.h">
      <Filter>Header Files</Filter>
    </ClInclude>
    <ClInclude Include="generated_files\module.hpp">
      <Filter>Header Files</Filter>
    </ClInclude>
    <ClInclude Include="generated_files\wrappers.hpp">
      <Filter>Header Files</Filter>
    </ClInclude>
    <ClInclude Include="include\autocxxpy\base\check.h">
      <Filter>Header Files</Filter>
    </ClInclude>
    <ClInclude Include="include\autocxxpy\base\type.h">
      <Filter>Header Files</Filter>
    </ClInclude>
    <ClInclude Include="include\autocxxpy\config\config.hpp">
      <Filter>Header Files</Filter>
    </ClInclude>
    <ClInclude Include="include\autocxxpy\utils\algorithm.hpp">
      <Filter>Header Files</Filter>
    </ClInclude>
    <ClInclude Include="include\autocxxpy\utils\extract.hpp">
      <Filter>Header Files</Filter>
    </ClInclude>
    <ClInclude Include="include\autocxxpy\utils\functional.hpp">
      <Filter>Header Files</Filter>
    </ClInclude>
    <ClInclude Include="include\autocxxpy\utils\type_traits.hpp">
      <Filter>Header Files</Filter>
    </ClInclude>
    <ClInclude Include="include\autocxxpy\wrappers\c_function_callback.hpp">
      <Filter>Header Files</Filter>
    </ClInclude>
    <ClInclude Include="include\autocxxpy\wrappers\inout_argument.hpp">
      <Filter>Header Files</Filter>
    </ClInclude>
    <ClInclude Include="include\autocxxpy\wrappers\output_argument.hpp">
      <Filter>Header Files</Filter>
    </ClInclude>
    <ClInclude Include="include\autocxxpy\wrappers\string_array.hpp">
      <Filter>Header Files</Filter>
    </ClInclude>
    <ClInclude Include="include\autocxxpy\wrappers\utils.hpp">
      <Filter>Header Files</Filter>
    </ClInclude>
    <ClInclude Include="include\autocxxpy\additional_init.hpp">
      <Filter>Header Files</Filter>
    </ClInclude>
    <ClInclude Include="include\autocxxpy\autocxxpy.hpp">
      <Filter>Header Files</Filter>
    </ClInclude>
    <ClInclude Include="include\autocxxpy\brigand.hpp">
      <Filter>Header Files</Filter>
    </ClInclude>
    <ClInclude Include="include\autocxxpy\callback_wrapper.hpp">
      <Filter>Header Files</Filter>
    </ClInclude>
    <ClInclude Include="include\autocxxpy\calling_wrapper.hpp">
      <Filter>Header Files</Filter>
    </ClInclude>
    <ClInclude Include="include\autocxxpy\casters.hpp">
      <Filter>Header Files</Filter>
    </ClInclude>
    <ClInclude Include="include\autocxxpy\class.hpp">
      <Filter>Header Files</Filter>
    </ClInclude>
    <ClInclude Include="include\autocxxpy\cross_assign.hpp">
      <Filter>Header Files</Filter>
    </ClInclude>
    <ClInclude Include="include\autocxxpy\dispatcher.hpp">
      <Filter>Header Files</Filter>
    </ClInclude>
    <ClInclude Include="include\autocxxpy\property_helper.hpp">
      <Filter>Header Files</Filter>
    </ClInclude>
    <ClInclude Include="include\boost\callable_traits\detail\polyfills\disjunction.hpp">
      <Filter>Header Files</Filter>
    </ClInclude>
    <ClInclude Include="include\boost\callable_traits\detail\polyfills\make_index_sequence.hpp">
      <Filter>Header Files</Filter>
    </ClInclude>
    <ClInclude Include="include\boost\callable_traits\detail\unguarded\function.hpp">
      <Filter>Header Files</Filter>
    </ClInclude>
    <ClInclude Include="include\boost\callable_traits\detail\unguarded\function_2.hpp">
      <Filter>Header Files</Filter>
    </ClInclude>
    <ClInclude Include="include\boost\callable_traits\detail\unguarded\function_3.hpp">
      <Filter>Header Files</Filter>
    </ClInclude>
    <ClInclude Include="include\boost\callable_traits\detail\unguarded\function_ptr.hpp">
      <Filter>Header Files</Filter>
    </ClInclude>
    <ClInclude Include="include\boost\callable_traits\detail\unguarded\function_ptr_2.hpp">
      <Filter>Header Files</Filter>
    </ClInclude>
    <ClInclude Include="include\boost\callable_traits\detail\unguarded\function_ptr_3.hpp">
      <Filter>Header Files</Filter>
    </ClInclude>
    <ClInclude Include="include\boost\callable_traits\detail\unguarded\function_ptr_varargs.hpp">
      <Filter>Header Files</Filter>
    </ClInclude>
    <ClInclude Include="include\boost\callable_traits\detail\unguarded\function_ptr_varargs_2.hpp">
      <Filter>Header Files</Filter>
    </ClInclude>
    <ClInclude Include="include\boost\callable_traits\detail\unguarded\function_ptr_varargs_3.hpp">
      <Filter>Header Files</Filter>
    </ClInclude>
    <ClInclude Include="include\boost\callable_traits\detail\unguarded\pmf.hpp">
      <Filter>Header Files</Filter>
    </ClInclude>
    <ClInclude Include="include\boost\callable_traits\detail\unguarded\pmf_2.hpp">
      <Filter>Header Files</Filter>
    </ClInclude>
    <ClInclude Include="include\boost\callable_traits\detail\unguarded\pmf_3.hpp">
      <Filter>Header Files</Filter>
    </ClInclude>
    <ClInclude Include="include\boost\callable_traits\detail\unguarded\pmf_4.hpp">
      <Filter>Header Files</Filter>
    </ClInclude>
    <ClInclude Include="include\boost\callable_traits\detail\unguarded\pmf_varargs.hpp">
      <Filter>Header Files</Filter>
    </ClInclude>
    <ClInclude Include="include\boost\callable_traits\detail\unguarded\pmf_varargs_2.hpp">
      <Filter>Header Files</Filter>
    </ClInclude>
    <ClInclude Include="include\boost\callable_traits\detail\unguarded\pmf_varargs_3.hpp">
      <Filter>Header Files</Filter>
    </ClInclude>
    <ClInclude Include="include\boost\callable_traits\detail\unguarded\pmf_varargs_4.hpp">
      <Filter>Header Files</Filter>
    </ClInclude>
    <ClInclude Include="include\boost\callable_traits\detail\config.hpp">
      <Filter>Header Files</Filter>
    </ClInclude>
    <ClInclude Include="include\boost\callable_traits\detail\core.hpp">
      <Filter>Header Files</Filter>
    </ClInclude>
    <ClInclude Include="include\boost\callable_traits\detail\default_callable_traits.hpp">
      <Filter>Header Files</Filter>
    </ClInclude>
    <ClInclude Include="include\boost\callable_traits\detail\forward_declarations.hpp">
      <Filter>Header Files</Filter>
    </ClInclude>
    <ClInclude Include="include\boost\callable_traits\detail\function.hpp">
      <Filter>Header Files</Filter>
    </ClInclude>
    <ClInclude Include="include\boost\callable_traits\detail\function_object.hpp">
      <Filter>Header Files</Filter>
    </ClInclude>
    <ClInclude Include="include\boost\callable_traits\detail\is_invocable_impl.hpp">
      <Filter>Header Files</Filter>
    </ClInclude>
    <ClInclude Include="include\boost\callable_traits\detail\parameter_index_helper.hpp">
      <Filter>Header Files</Filter>
    </ClInclude>
    <ClInclude Include="include\boost\callable_traits\detail\pmd.hpp">
      <Filter>Header Files</Filter>
    </ClInclude>
    <ClInclude Include="include\boost\callable_traits\detail\pmf.hpp">
      <Filter>Header Files</Filter>
    </ClInclude>
    <ClInclude Include="include\boost\callable_traits\detail\qualifier_flags.hpp">
      <Filter>Header Files</Filter>
    </ClInclude>
    <ClInclude Include="include\boost\callable_traits\detail\set_function_qualifiers.hpp">
      <Filter>Header Files</Filter>
    </ClInclude>
    <ClInclude Include="include\boost\callable_traits\detail\sfinae_errors.hpp">
      <Filter>Header Files</Filter>
    </ClInclude>
    <ClInclude Include="include\boost\callable_traits\detail\traits.hpp">
      <Filter>Header Files</Filter>
    </ClInclude>
    <ClInclude Include="include\boost\callable_traits\detail\utility.hpp">
      <Filter>Header Files</Filter>
    </ClInclude>
    <ClInclude Include="include\boost\callable_traits\add_member_const.hpp">
      <Filter>Header Files</Filter>
    </ClInclude>
    <ClInclude Include="include\boost\callable_traits\add_member_cv.hpp">
      <Filter>Header Files</Filter>
    </ClInclude>
    <ClInclude Include="include\boost\callable_traits\add_member_lvalue_reference.hpp">
      <Filter>Header Files</Filter>
    </ClInclude>
    <ClInclude Include="include\boost\callable_traits\add_member_rvalue_reference.hpp">
      <Filter>Header Files</Filter>
    </ClInclude>
    <ClInclude Include="include\boost\callable_traits\add_member_volatile.hpp">
      <Filter>Header Files</Filter>
    </ClInclude>
    <ClInclude Include="include\boost\callable_traits\add_noexcept.hpp">
      <Filter>Header Files</Filter>
    </ClInclude>
    <ClInclude Include="include\boost\callable_traits\add_transaction_safe.hpp">
      <Filter>Header Files</Filter>
    </ClInclude>
    <ClInclude Include="include\boost\callable_traits\add_varargs.hpp">
      <Filter>Header Files</Filter>
    </ClInclude>
    <ClInclude Include="include\boost\callable_traits\apply_member_pointer.hpp">
      <Filter>Header Files</Filter>
    </ClInclude>
    <ClInclude Include="include\boost\callable_traits\apply_return.hpp">
      <Filter>Header Files</Filter>
    </ClInclude>
    <ClInclude Include="include\boost\callable_traits\args.hpp">
      <Filter>Header Files</Filter>
    </ClInclude>
    <ClInclude Include="include\boost\callable_traits\class_of.hpp">
      <Filter>Header Files</Filter>
    </ClInclude>
    <ClInclude Include="include\boost\callable_traits\function_type.hpp">
      <Filter>Header Files</Filter>
    </ClInclude>
    <ClInclude Include="include\boost\callable_traits\has_member_qualifiers.hpp">
      <Filter>Header Files</Filter>
    </ClInclude>
    <ClInclude Include="include\boost\callable_traits\has_varargs.hpp">
      <Filter>Header Files</Filter>
    </ClInclude>
    <ClInclude Include="include\boost\callable_traits\has_void_return.hpp">
      <Filter>Header Files</Filter>
    </ClInclude>
    <ClInclude Include="include\boost\callable_traits\is_const_member.hpp">
      <Filter>Header Files</Filter>
    </ClInclude>
    <ClInclude Include="include\boost\callable_traits\is_cv_member.hpp">
      <Filter>Header Files</Filter>
    </ClInclude>
    <ClInclude Include="include\boost\callable_traits\is_invocable.hpp">
      <Filter>Header Files</Filter>
    </ClInclude>
    <ClInclude Include="include\boost\callable_traits\is_lvalue_reference_member.hpp">
      <Filter>Header Files</Filter>
    </ClInclude>
    <ClInclude Include="include\boost\callable_traits\is_noexcept.hpp">
      <Filter>Header Files</Filter>
    </ClInclude>
    <ClInclude Include="include\boost\callable_traits\is_reference_member.hpp">
      <Filter>Header Files</Filter>
    </ClInclude>
    <ClInclude Include="include\boost\callable_traits\is_rvalue_reference_member.hpp">
      <Filter>Header Files</Filter>
    </ClInclude>
    <ClInclude Include="include\boost\callable_traits\is_transaction_safe.hpp">
      <Filter>Header Files</Filter>
    </ClInclude>
    <ClInclude Include="include\boost\callable_traits\is_volatile_member.hpp">
      <Filter>Header Files</Filter>
    </ClInclude>
    <ClInclude Include="include\boost\callable_traits\qualified_class_of.hpp">
      <Filter>Header Files</Filter>
    </ClInclude>
    <ClInclude Include="include\boost\callable_traits\remove_member_const.hpp">
      <Filter>Header Files</Filter>
    </ClInclude>
    <ClInclude Include="include\boost\callable_traits\remove_member_cv.hpp">
      <Filter>Header Files</Filter>
    </ClInclude>
    <ClInclude Include="include\boost\callable_traits\remove_member_reference.hpp">
      <Filter>Header Files</Filter>
    </ClInclude>
    <ClInclude Include="include\boost\callable_traits\remove_member_volatile.hpp">
      <Filter>Header Files</Filter>
    </ClInclude>
    <ClInclude Include="include\boost\callable_traits\remove_noexcept.hpp">
      <Filter>Header Files</Filter>
    </ClInclude>
    <ClInclude Include="include\boost\callable_traits\remove_transaction_safe.hpp">
      <Filter>Header Files</Filter>
    </ClInclude>
    <ClInclude Include="include\boost\callable_traits\remove_varargs.hpp">
      <Filter>Header Files</Filter>
    </ClInclude>
    <ClInclude Include="include\boost\callable_traits\return_type.hpp">
      <Filter>Header Files</Filter>
    </ClInclude>
    <ClInclude Include="include\boost\callable_traits.hpp">
      <Filter>Header Files</Filter>
    </ClInclude>
    <ClInclude Include="include\brigand\adapted\fusion.hpp">
      <Filter>Header Files</Filter>
    </ClInclude>
    <ClInclude Include="include\brigand\adapted\integral_list.hpp">
      <Filter>Header Files</Filter>
    </ClInclude>
    <ClInclude Include="include\brigand\adapted\list.hpp">
      <Filter>Header Files</Filter>
    </ClInclude>
    <ClInclude Include="include\brigand\adapted\pair.hpp">
      <Filter>Header Files</Filter>
    </ClInclude>
    <ClInclude Include="include\brigand\adapted\tuple.hpp">
      <Filter>Header Files</Filter>
    </ClInclude>
    <ClInclude Include="include\brigand\adapted\variant.hpp">
      <Filter>Header Files</Filter>
    </ClInclude>
    <ClInclude Include="include\brigand\algorithms\detail\find.hpp">
      <Filter>Header Files</Filter>
    </ClInclude>
    <ClInclude Include="include\brigand\algorithms\detail\fold.hpp">
      <Filter>Header Files</Filter>
    </ClInclude>
    <ClInclude Include="include\brigand\algorithms\detail\non_null.hpp">
      <Filter>Header Files</Filter>
    </ClInclude>
    <ClInclude Include="include\brigand\algorithms\all.hpp">
      <Filter>Header Files</Filter>
    </ClInclude>
    <ClInclude Include="include\brigand\algorithms\any.hpp">
      <Filter>Header Files</Filter>
    </ClInclude>
    <ClInclude Include="include\brigand\algorithms\count.hpp">
      <Filter>Header Files</Filter>
    </ClInclude>
    <ClInclude Include="include\brigand\algorithms\find.hpp">
      <Filter>Header Files</Filter>
    </ClInclude>
    <ClInclude Include="include\brigand\algorithms\flatten.hpp">
      <Filter>Header Files</Filter>
    </ClInclude>
    <ClInclude Include="include\brigand\algorithms\fold.hpp">
      <Filter>Header Files</Filter>
    </ClInclude>
    <ClInclude Include="include\brigand\algorithms\for_each.hpp">
      <Filter>Header Files</Filter>
    </ClInclude>
    <ClInclude Include="include\brigand\algorithms\for_each_args.hpp">
      <Filter>Header Files</Filter>
    </ClInclude>
    <ClInclude Include="include\brigand\algorithms\index_of.hpp">
      <Filter>Header Files</Filter>
    </ClInclude>
    <ClInclude Include="include\brigand\algorithms\is_set.hpp">
      <Filter>Header Files</Filter>
    </ClInclude>
    <ClInclude Include="include\brigand\algorithms\merge.hpp">
      <Filter>Header Files</Filter>
    </ClInclude>
    <ClInclude Include="include\brigand\algorithms\none.hpp">
      <Filter>Header Files</Filter>
    </ClInclude>
    <ClInclude Include="include\brigand\algorithms\partition.hpp">
      <Filter>Header Files</Filter>
    </ClInclude>
    <ClInclude Include="include\brigand\algorithms\remove.hpp">
      <Filter>Header Files</Filter>
    </ClInclude>
    <ClInclude Include="include\brigand\algorithms\replace.hpp">
      <Filter>Header Files</Filter>
    </ClInclude>
    <ClInclude Include="include\brigand\algorithms\reverse.hpp">
      <Filter>Header Files</Filter>
    </ClInclude>
    <ClInclude Include="include\brigand\algorithms\select.hpp">
      <Filter>Header Files</Filter>
    </ClInclude>
    <ClInclude Include="include\brigand\algorithms\sort.hpp">
      <Filter>Header Files</Filter>
    </ClInclude>
    <ClInclude Include="include\brigand\algorithms\split.hpp">
      <Filter>Header Files</Filter>
    </ClInclude>
    <ClInclude Include="include\brigand\algorithms\split_at.hpp">
      <Filter>Header Files</Filter>
    </ClInclude>
    <ClInclude Include="include\brigand\algorithms\transform.hpp">
      <Filter>Header Files</Filter>
    </ClInclude>
    <ClInclude Include="include\brigand\algorithms\wrap.hpp">
      <Filter>Header Files</Filter>
    </ClInclude>
    <ClInclude Include="include\brigand\functions\arithmetic\complement.hpp">
      <Filter>Header Files</Filter>
    </ClInclude>
    <ClInclude Include="include\brigand\functions\arithmetic\divides.hpp">
      <Filter>Header Files</Filter>
    </ClInclude>
    <ClInclude Include="include\brigand\functions\arithmetic\identity.hpp">
      <Filter>Header Files</Filter>
    </ClInclude>
    <ClInclude Include="include\brigand\functions\arithmetic\max.hpp">
      <Filter>Header Files</Filter>
    </ClInclude>
    <ClInclude Include="include\brigand\functions\arithmetic\min.hpp">
      <Filter>Header Files</Filter>
    </ClInclude>
    <ClInclude Include="include\brigand\functions\arithmetic\minus.hpp">
      <Filter>Header Files</Filter>
    </ClInclude>
    <ClInclude Include="include\brigand\functions\arithmetic\modulo.hpp">
      <Filter>Header Files</Filter>
    </ClInclude>
    <ClInclude Include="include\brigand\functions\arithmetic\negate.hpp">
      <Filter>Header Files</Filter>
    </ClInclude>
    <ClInclude Include="include\brigand\functions\arithmetic\next.hpp">
      <Filter>Header Files</Filter>
    </ClInclude>
    <ClInclude Include="include\brigand\functions\arithmetic\plus.hpp">
      <Filter>Header Files</Filter>
    </ClInclude>
    <ClInclude Include="include\brigand\functions\arithmetic\prev.hpp">
      <Filter>Header Files</Filter>
    </ClInclude>
    <ClInclude Include="include\brigand\functions\arithmetic\times.hpp">
      <Filter>Header Files</Filter>
    </ClInclude>
    <ClInclude Include="include\brigand\functions\bitwise\bitand.hpp">
      <Filter>Header Files</Filter>
    </ClInclude>
    <ClInclude Include="include\brigand\functions\bitwise\bitor.hpp">
      <Filter>Header Files</Filter>
    </ClInclude>
    <ClInclude Include="include\brigand\functions\bitwise\bitxor.hpp">
      <Filter>Header Files</Filter>
    </ClInclude>
    <ClInclude Include="include\brigand\functions\bitwise\shift_left.hpp">
      <Filter>Header Files</Filter>
    </ClInclude>
    <ClInclude Include="include\brigand\functions\bitwise\shift_right.hpp">
      <Filter>Header Files</Filter>
    </ClInclude>
    <ClInclude Include="include\brigand\functions\comparison\equal_to.hpp">
      <Filter>Header Files</Filter>
    </ClInclude>
    <ClInclude Include="include\brigand\functions\comparison\greater.hpp">
      <Filter>Header Files</Filter>
    </ClInclude>
    <ClInclude Include="include\brigand\functions\comparison\greater_equal.hpp">
      <Filter>Header Files</Filter>
    </ClInclude>
    <ClInclude Include="include\brigand\functions\comparison\less.hpp">
      <Filter>Header Files</Filter>
    </ClInclude>
    <ClInclude Include="include\brigand\functions\comparison\less_equal.hpp">
      <Filter>Header Files</Filter>
    </ClInclude>
    <ClInclude Include="include\brigand\functions\comparison\not_equal_to.hpp">
      <Filter>Header Files</Filter>
    </ClInclude>
    <ClInclude Include="include\brigand\functions\lambda\apply.hpp">
      <Filter>Header Files</Filter>
    </ClInclude>
    <ClInclude Include="include\brigand\functions\lambda\bind.hpp">
      <Filter>Header Files</Filter>
    </ClInclude>
    <ClInclude Include="include\brigand\functions\lambda\substitute.hpp">
      <Filter>Header Files</Filter>
    </ClInclude>
    <ClInclude Include="include\brigand\functions\logical\and.hpp">
      <Filter>Header Files</Filter>
    </ClInclude>
    <ClInclude Include="include\brigand\functions\logical\not.hpp">
      <Filter>Header Files</Filter>
    </ClInclude>
    <ClInclude Include="include\brigand\functions\logical\or.hpp">
      <Filter>Header Files</Filter>
    </ClInclude>
    <ClInclude Include="include\brigand\functions\logical\xor.hpp">
      <Filter>Header Files</Filter>
    </ClInclude>
    <ClInclude Include="include\brigand\functions\misc\always.hpp">
      <Filter>Header Files</Filter>
    </ClInclude>
    <ClInclude Include="include\brigand\functions\misc\repeat.hpp">
      <Filter>Header Files</Filter>
    </ClInclude>
    <ClInclude Include="include\brigand\functions\misc\sizeof.hpp">
      <Filter>Header Files</Filter>
    </ClInclude>
    <ClInclude Include="include\brigand\functions\arithmetic.hpp">
      <Filter>Header Files</Filter>
    </ClInclude>
    <ClInclude Include="include\brigand\functions\bitwise.hpp">
      <Filter>Header Files</Filter>
    </ClInclude>
    <ClInclude Include="include\brigand\functions\comparisons.hpp">
      <Filter>Header Files</Filter>
    </ClInclude>
    <ClInclude Include="include\brigand\functions\eval_if.hpp">
      <Filter>Header Files</Filter>
    </ClInclude>
    <ClInclude Include="include\brigand\functions\if.hpp">
      <Filter>Header Files</Filter>
    </ClInclude>
    <ClInclude Include="include\brigand\functions\lambda.hpp">
      <Filter>Header Files</Filter>
    </ClInclude>
    <ClInclude Include="include\brigand\functions\logical.hpp">
      <Filter>Header Files</Filter>
    </ClInclude>
    <ClInclude Include="include\brigand\functions\misc.hpp">
      <Filter>Header Files</Filter>
    </ClInclude>
    <ClInclude Include="include\brigand\sequences\append.hpp">
      <Filter>Header Files</Filter>
    </ClInclude>
    <ClInclude Include="include\brigand\sequences\at.hpp">
      <Filter>Header Files</Filter>
    </ClInclude>
    <ClInclude Include="include\brigand\sequences\back.hpp">
      <Filter>Header Files</Filter>
    </ClInclude>
    <ClInclude Include="include\brigand\sequences\clear.hpp">
      <Filter>Header Files</Filter>
    </ClInclude>
    <ClInclude Include="include\brigand\sequences\contains.hpp">
      <Filter>Header Files</Filter>
    </ClInclude>
    <ClInclude Include="include\brigand\sequences\erase.hpp">
      <Filter>Header Files</Filter>
    </ClInclude>
    <ClInclude Include="include\brigand\sequences\filled_list.hpp">
      <Filter>Header Files</Filter>
    </ClInclude>
    <ClInclude Include="include\brigand\sequences\front.hpp">
      <Filter>Header Files</Filter>
    </ClInclude>
    <ClInclude Include="include\brigand\sequences\has_key.hpp">
      <Filter>Header Files</Filter>
    </ClInclude>
    <ClInclude Include="include\brigand\sequences\insert.hpp">
      <Filter>Header Files</Filter>
    </ClInclude>
    <ClInclude Include="include\brigand\sequences\keys_as_sequence.hpp">
      <Filter>Header Files</Filter>
    </ClInclude>
    <ClInclude Include="include\brigand\sequences\list.hpp">
      <Filter>Header Files</Filter>
    </ClInclude>
    <ClInclude Include="include\brigand\sequences\make_sequence.hpp">
      <Filter>Header Files</Filter>
    </ClInclude>
    <ClInclude Include="include\brigand\sequences\map.hpp">
      <Filter>Header Files</Filter>
    </ClInclude>
    <ClInclude Include="include\brigand\sequences\pair.hpp">
      <Filter>Header Files</Filter>
    </ClInclude>
    <ClInclude Include="include\brigand\sequences\range.hpp">
      <Filter>Header Files</Filter>
    </ClInclude>
    <ClInclude Include="include\brigand\sequences\set.hpp">
      <Filter>Header Files</Filter>
    </ClInclude>
    <ClInclude Include="include\brigand\sequences\size.hpp">
      <Filter>Header Files</Filter>
    </ClInclude>
    <ClInclude Include="include\brigand\sequences\values_as_sequence.hpp">
      <Filter>Header Files</Filter>
    </ClInclude>
    <ClInclude Include="include\brigand\types\args.hpp">
      <Filter>Header Files</Filter>
    </ClInclude>
    <ClInclude Include="include\brigand\types\bool.hpp">
      <Filter>Header Files</Filter>
    </ClInclude>
    <ClInclude Include="include\brigand\types\empty_base.hpp">
      <Filter>Header Files</Filter>
    </ClInclude>
    <ClInclude Include="include\brigand\types\has_type.hpp">
      <Filter>Header Files</Filter>
    </ClInclude>
    <ClInclude Include="include\brigand\types\inherit.hpp">
      <Filter>Header Files</Filter>
    </ClInclude>
    <ClInclude Include="include\brigand\types\inherit_linearly.hpp">
      <Filter>Header Files</Filter>
    </ClInclude>
    <ClInclude Include="include\brigand\types\integer.hpp">
      <Filter>Header Files</Filter>
    </ClInclude>
    <ClInclude Include="include\brigand\types\integral_constant.hpp">
      <Filter>Header Files</Filter>
    </ClInclude>
    <ClInclude Include="include\brigand\types\no_such_type.hpp">
      <Filter>Header Files</Filter>
    </ClInclude>
    <ClInclude Include="include\brigand\types\operators.hpp">
      <Filter>Header Files</Filter>
    </ClInclude>
    <ClInclude Include="include\brigand\types\real.hpp">
      <Filter>Header Files</Filter>
    </ClInclude>
    <ClInclude Include="include\brigand\types\type.hpp">
      <Filter>Header Files</Filter>
    </ClInclude>
    <ClInclude Include="include\brigand\types\voidp.hpp">
      <Filter>Header Files</Filter>
    </ClInclude>
    <ClInclude Include="include\brigand\adapted.hpp">
      <Filter>Header Files</Filter>
    </ClInclude>
    <ClInclude Include="include\brigand\algorithms.hpp">
      <Filter>Header Files</Filter>
    </ClInclude>
    <ClInclude Include="include\brigand\brigand.hpp">
      <Filter>Header Files</Filter>
    </ClInclude>
    <ClInclude Include="include\brigand\config.hpp">
      <Filter>Header Files</Filter>
    </ClInclude>
    <ClInclude Include="include\brigand\functions.hpp">
      <Filter>Header Files</Filter>
    </ClInclude>
    <ClInclude Include="include\brigand\sequences.hpp">
      <Filter>Header Files</Filter>
    </ClInclude>
    <ClInclude Include="include\brigand\types.hpp">
      <Filter>Header Files</Filter>
    </ClInclude>
    <ClInclude Include="include\brigand\version.hpp">
      <Filter>Header Files</Filter>
    </ClInclude>
    <ClInclude Include="include\oes\mds_api\errors\mds_errors.h">
      <Filter>Header Files</Filter>
    </ClInclude>
    <ClInclude Include="include\oes\mds_api\parser\json_parser\mds_json_parser.h">
      <Filter>Header Files</Filter>
    </ClInclude>
    <ClInclude Include="include\oes\mds_api\parser\mds_protocol_parser.h">
      <Filter>Header Files</Filter>
    </ClInclude>
    <ClInclude Include="include\oes\mds_api\mds_api.h">
      <Filter>Header Files</Filter>
    </ClInclude>
    <ClInclude Include="include\oes\mds_global\mds_base_model.h">
      <Filter>Header Files</Filter>
    </ClInclude>
    <ClInclude Include="include\oes\mds_global\mds_mkt_packets.h">
      <Filter>Header Files</Filter>
    </ClInclude>
    <ClInclude Include="include\oes\mds_global\mds_qry_packets.h">
      <Filter>Header Files</Filter>
    </ClInclude>
    <ClInclude Include="include\oes\oes_api\errors\oes_errors.h">
      <Filter>Header Files</Filter>
    </ClInclude>
    <ClInclude Include="include\oes\oes_api\parser\json_parser\oes_json_parser.h">
      <Filter>Header Files</Filter>
    </ClInclude>
    <ClInclude Include="include\oes\oes_api\parser\json_parser\oes_query_json_parser.h">
      <Filter>Header Files</Filter>
    </ClInclude>
    <ClInclude Include="include\oes\oes_api\parser\oes_protocol_parser.h">
      <Filter>Header Files</Filter>
    </ClInclude>
    <ClInclude Include="include\oes\oes_api\oes_api.h">
      <Filter>Header Files</Filter>
    </ClInclude>
    <ClInclude Include="include\oes\oes_global\oes_base_model.h">
      <Filter>Header Files</Filter>
    </ClInclude>
    <ClInclude Include="include\oes\oes_global\oes_packets.h">
      <Filter>Header Files</Filter>
    </ClInclude>
    <ClInclude Include="include\oes\oes_global\oes_qry_packets.h">
      <Filter>Header Files</Filter>
    </ClInclude>
    <ClInclude Include="include\oes\sutil\logger\_spk_log.h">
      <Filter>Header Files</Filter>
    </ClInclude>
    <ClInclude Include="include\oes\sutil\logger\spk_console_masked_log.h">
      <Filter>Header Files</Filter>
    </ClInclude>
    <ClInclude Include="include\oes\sutil\logger\spk_log.h">
      <Filter>Header Files</Filter>
    </ClInclude>
    <ClInclude Include="include\oes\sutil\logger\spk_log_config.h">
      <Filter>Header Files</Filter>
    </ClInclude>
    <ClInclude Include="include\oes\sutil\logger\spk_log_instance.h">
      <Filter>Header Files</Filter>
    </ClInclude>
    <ClInclude Include="include\oes\sutil\logger\spk_log_level.h">
      <Filter>Header Files</Filter>
    </ClInclude>
    <ClInclude Include="include\oes\sutil\logger\spk_log_mode.h">
      <Filter>Header Files</Filter>
    </ClInclude>
    <ClInclude Include="include\oes\sutil\logger\spk_log_type.h">
      <Filter>Header Files</Filter>
    </ClInclude>
    <ClInclude Include="include\oes\sutil\net\spk_data_buffer_define.h">
      <Filter>Header Files</Filter>
    </ClInclude>
    <ClInclude Include="include\oes\sutil\net\spk_errmsg_base_define.h">
      <Filter>Header Files</Filter>
    </ClInclude>
    <ClInclude Include="include\oes\sutil\net\spk_general_client_define.h">
      <Filter>Header Files</Filter>
    </ClInclude>
    <ClInclude Include="include\oes\sutil\net\spk_global_packet.h">
      <Filter>Header Files</Filter>
    </ClInclude>
    <ClInclude Include="include\oes\sutil\net\spk_socket_base_define.h">
      <Filter>Header Files</Filter>
    </ClInclude>
    <ClInclude Include="include\oes\sutil\platform\spk_platforms.h">
      <Filter>Header Files</Filter>
    </ClInclude>
    <ClInclude Include="include\oes\sutil\string\spk_fixed_snprintf.h">
      <Filter>Header Files</Filter>
    </ClInclude>
    <ClInclude Include="include\oes\sutil\string\spk_multi_field_string.h">
      <Filter>Header Files</Filter>
    </ClInclude>
    <ClInclude Include="include\oes\sutil\string\spk_string_convert.h">
      <Filter>Header Files</Filter>
    </ClInclude>
    <ClInclude Include="include\oes\sutil\string\spk_string_var.h">
      <Filter>Header Files</Filter>
    </ClInclude>
    <ClInclude Include="include\oes\sutil\string\spk_strings.h">
      <Filter>Header Files</Filter>
    </ClInclude>
    <ClInclude Include="include\oes\sutil\string\spk_strverscmp.h">
      <Filter>Header Files</Filter>
    </ClInclude>
    <ClInclude Include="include\oes\sutil\time\spk_times.h">
      <Filter>Header Files</Filter>
    </ClInclude>
    <ClInclude Include="include\oes\sutil\cmnlib.h">
      <Filter>Header Files</Filter>
    </ClInclude>
    <ClInclude Include="include\oes\sutil\compiler.h">
      <Filter>Header Files</Filter>
    </ClInclude>
    <ClInclude Include="include\oes\sutil\stdc.h">
      <Filter>Header Files</Filter>
    </ClInclude>
    <ClInclude Include="include\oes\sutil\types.h">
      <Filter>Header Files</Filter>
    </ClInclude>
    <ClInclude Include="include\pybind11\detail\class.h">
      <Filter>Header Files</Filter>
    </ClInclude>
    <ClInclude Include="include\pybind11\detail\common.h">
      <Filter>Header Files</Filter>
    </ClInclude>
    <ClInclude Include="include\pybind11\detail\descr.h">
      <Filter>Header Files</Filter>
    </ClInclude>
    <ClInclude Include="include\pybind11\detail\init.h">
      <Filter>Header Files</Filter>
    </ClInclude>
    <ClInclude Include="include\pybind11\detail\internals.h">
      <Filter>Header Files</Filter>
    </ClInclude>
    <ClInclude Include="include\pybind11\detail\typeid.h">
      <Filter>Header Files</Filter>
    </ClInclude>
    <ClInclude Include="include\pybind11\attr.h">
      <Filter>Header Files</Filter>
    </ClInclude>
    <ClInclude Include="include\pybind11\buffer_info.h">
      <Filter>Header Files</Filter>
    </ClInclude>
    <ClInclude Include="include\pybind11\cast.h">
      <Filter>Header Files</Filter>
    </ClInclude>
    <ClInclude Include="include\pybind11\chrono.h">
      <Filter>Header Files</Filter>
    </ClInclude>
    <ClInclude Include="include\pybind11\common.h">
      <Filter>Header Files</Filter>
    </ClInclude>
    <ClInclude Include="include\pybind11\complex.h">
      <Filter>Header Files</Filter>
    </ClInclude>
    <ClInclude Include="include\pybind11\eigen.h">
      <Filter>Header Files</Filter>
    </ClInclude>
    <ClInclude Include="include\pybind11\embed.h">
      <Filter>Header Files</Filter>
    </ClInclude>
    <ClInclude Include="include\pybind11\eval.h">
      <Filter>Header Files</Filter>
    </ClInclude>
    <ClInclude Include="include\pybind11\functional.h">
      <Filter>Header Files</Filter>
    </ClInclude>
    <ClInclude Include="include\pybind11\iostream.h">
      <Filter>Header Files</Filter>
    </ClInclude>
    <ClInclude Include="include\pybind11\numpy.h">
      <Filter>Header Files</Filter>
    </ClInclude>
    <ClInclude Include="include\pybind11\operators.h">
      <Filter>Header Files</Filter>
    </ClInclude>
    <ClInclude Include="include\pybind11\options.h">
      <Filter>Header Files</Filter>
    </ClInclude>
    <ClInclude Include="include\pybind11\pybind11.h">
      <Filter>Header Files</Filter>
    </ClInclude>
    <ClInclude Include="include\pybind11\pytypes.h">
      <Filter>Header Files</Filter>
    </ClInclude>
    <ClInclude Include="include\pybind11\stl.h">
      <Filter>Header Files</Filter>
    </ClInclude>
    <ClInclude Include="include\pybind11\stl_bind.h">
      <Filter>Header Files</Filter>
    </ClInclude>
    <ClInclude Include="include\c2py\base\check.h">
      <Filter>Header Files</Filter>
    </ClInclude>
    <ClInclude Include="include\c2py\base\type.h">
      <Filter>Header Files</Filter>
    </ClInclude>
    <ClInclude Include="include\c2py\config\config.hpp">
      <Filter>Header Files</Filter>
    </ClInclude>
    <ClInclude Include="include\c2py\utils\algorithm.hpp">
      <Filter>Header Files</Filter>
    </ClInclude>
    <ClInclude Include="include\c2py\utils\extract.hpp">
      <Filter>Header Files</Filter>
    </ClInclude>
    <ClInclude Include="include\c2py\utils\functional.hpp">
      <Filter>Header Files</Filter>
    </ClInclude>
    <ClInclude Include="include\c2py\utils\type_traits.hpp">
      <Filter>Header Files</Filter>
    </ClInclude>
    <ClInclude Include="include\c2py\wrappers\c_function_callback.hpp">
      <Filter>Header Files</Filter>
    </ClInclude>
    <ClInclude Include="include\c2py\wrappers\inout_argument.hpp">
      <Filter>Header Files</Filter>
    </ClInclude>
    <ClInclude Include="include\c2py\wrappers\output_argument.hpp">
      <Filter>Header Files</Filter>
    </ClInclude>
    <ClInclude Include="include\c2py\wrappers\string_array.hpp">
      <Filter>Header Files</Filter>
    </ClInclude>
    <ClInclude Include="include\c2py\wrappers\utils.hpp">
      <Filter>Header Files</Filter>
    </ClInclude>
    <ClInclude Include="include\c2py\additional_init.hpp">
      <Filter>Header Files</Filter>
    </ClInclude>
    <ClInclude Include="include\c2py\brigand.hpp">
      <Filter>Header Files</Filter>
    </ClInclude>
    <ClInclude Include="include\c2py\c2py.hpp">
      <Filter>Header Files</Filter>
    </ClInclude>
    <ClInclude Include="include\c2py\callback_wrapper.hpp">
      <Filter>Header Files</Filter>
    </ClInclude>
    <ClInclude Include="include\c2py\calling_wrapper.hpp">
      <Filter>Header Files</Filter>
    </ClInclude>
    <ClInclude Include="include\c2py\casters.hpp">
      <Filter>Header Files</Filter>
    </ClInclude>
    <ClInclude Include="include\c2py\class.hpp">
      <Filter>Header Files</Filter>
    </ClInclude>
    <ClInclude Include="include\c2py\cross_assign.hpp">
      <Filter>Header Files</Filter>
    </ClInclude>
    <ClInclude Include="include\c2py\dispatcher.hpp">
      <Filter>Header Files</Filter>
    </ClInclude>
    <ClInclude Include="include\c2py\property_helper.hpp">
      <Filter>Header Files</Filter>
    </ClInclude>
  </ItemGroup>
</Project>