
Microsoft Visual Studio Solution File, Format Version 12.00
# Visual Studio 15
VisualStudioVersion = 15.0.28307.329
MinimumVisualStudioVersion = 10.0.40219.1
Project("{8BC9CEB8-8B4A-11D0-8D11-00A0C91BC942}") = "vnctptd", "vnctptd\vnctptd.vcxproj", "{016732E6-5789-4F7C-9A1C-C46A249080CF}"
EndProject
Project("{8BC9CEB8-8B4A-11D0-8D11-00A0C91BC942}") = "vnctpmd", "vnctpmd\vnctpmd.vcxproj", "{F00054FF-282F-4826-848E-D58BFB9E9D9F}"
EndProject
Global
	GlobalSection(SolutionConfigurationPlatforms) = preSolution
		Debug|x64 = Debug|x64
		Debug|x86 = Debug|x86
		Release|x64 = Release|x64
		Release|x86 = Release|x86
	EndGlobalSection
	GlobalSection(ProjectConfigurationPlatforms) = postSolution
		{016732E6-5789-4F7C-9A1C-C46A249080CF}.Debug|x64.ActiveCfg = Debug|x64
		{016732E6-5789-4F7C-9A1C-C46A249080CF}.Debug|x64.Build.0 = Debug|x64
		{016732E6-5789-4F7C-9A1C-C46A249080CF}.Debug|x86.ActiveCfg = Debug|Win32
		{016732E6-5789-4F7C-9A1C-C46A249080CF}.Debug|x86.Build.0 = Debug|Win32
		{016732E6-5789-4F7C-9A1C-C46A249080CF}.Release|x64.ActiveCfg = Release|x64
		{016732E6-5789-4F7C-9A1C-C46A249080CF}.Release|x64.Build.0 = Release|x64
		{016732E6-5789-4F7C-9A1C-C46A249080CF}.Release|x86.ActiveCfg = Release|Win32
		{016732E6-5789-4F7C-9A1C-C46A249080CF}.Release|x86.Build.0 = Release|Win32
		{F00054FF-282F-4826-848E-D58BFB9E9D9F}.Debug|x64.ActiveCfg = Debug|x64
		{F00054FF-282F-4826-848E-D58BFB9E9D9F}.Debug|x64.Build.0 = Debug|x64
		{F00054FF-282F-4826-848E-D58BFB9E9D9F}.Debug|x86.ActiveCfg = Debug|Win32
		{F00054FF-282F-4826-848E-D58BFB9E9D9F}.Debug|x86.Build.0 = Debug|Win32
		{F00054FF-282F-4826-848E-D58BFB9E9D9F}.Release|x64.ActiveCfg = Release|x64
		{F00054FF-282F-4826-848E-D58BFB9E9D9F}.Release|x64.Build.0 = Release|x64
		{F00054FF-282F-4826-848E-D58BFB9E9D9F}.Release|x86.ActiveCfg = Release|Win32
		{F00054FF-282F-4826-848E-D58BFB9E9D9F}.Release|x86.Build.0 = Release|Win32
	EndGlobalSection
	GlobalSection(SolutionProperties) = preSolution
		HideSolutionNode = FALSE
	EndGlobalSection
	GlobalSection(ExtensibilityGlobals) = postSolution
		SolutionGuid = {C24EA8F8-8E45-4556-A1D8-AF8DEE29D09F}
	EndGlobalSection
EndGlobal
