
Microsoft Visual Studio Solution File, Format Version 12.00
# Visual Studio 15
VisualStudioVersion = 15.0.28307.960
MinimumVisualStudioVersion = 10.0.40219.1
Project("{8BC9CEB8-8B4A-11D0-8D11-00A0C91BC942}") = "vnrohonmd", "vnrohonmd\vnrohonmd.vcxproj", "{2A4AEC03-D856-4B95-BADC-A87C16B1D2AF}"
EndProject
Project("{8BC9CEB8-8B4A-11D0-8D11-00A0C91BC942}") = "vnrohontd", "vnrohontd\vnrohontd.vcxproj", "{9ECA57C7-4EB4-4880-BFD8-23A25190C8B5}"
EndProject
Global
	GlobalSection(SolutionConfigurationPlatforms) = preSolution
		Debug|x64 = Debug|x64
		Debug|x86 = Debug|x86
		Release|x64 = Release|x64
		Release|x86 = Release|x86
	EndGlobalSection
	GlobalSection(ProjectConfigurationPlatforms) = postSolution
		{2A4AEC03-D856-4B95-BADC-A87C16B1D2AF}.Debug|x64.ActiveCfg = Debug|x64
		{2A4AEC03-D856-4B95-BADC-A87C16B1D2AF}.Debug|x64.Build.0 = Debug|x64
		{2A4AEC03-D856-4B95-BADC-A87C16B1D2AF}.Debug|x86.ActiveCfg = Debug|Win32
		{2A4AEC03-D856-4B95-BADC-A87C16B1D2AF}.Debug|x86.Build.0 = Debug|Win32
		{2A4AEC03-D856-4B95-BADC-A87C16B1D2AF}.Release|x64.ActiveCfg = Release|x64
		{2A4AEC03-D856-4B95-BADC-A87C16B1D2AF}.Release|x64.Build.0 = Release|x64
		{2A4AEC03-D856-4B95-BADC-A87C16B1D2AF}.Release|x86.ActiveCfg = Release|Win32
		{2A4AEC03-D856-4B95-BADC-A87C16B1D2AF}.Release|x86.Build.0 = Release|Win32
		{9ECA57C7-4EB4-4880-BFD8-23A25190C8B5}.Debug|x64.ActiveCfg = Debug|x64
		{9ECA57C7-4EB4-4880-BFD8-23A25190C8B5}.Debug|x64.Build.0 = Debug|x64
		{9ECA57C7-4EB4-4880-BFD8-23A25190C8B5}.Debug|x86.ActiveCfg = Debug|Win32
		{9ECA57C7-4EB4-4880-BFD8-23A25190C8B5}.Debug|x86.Build.0 = Debug|Win32
		{9ECA57C7-4EB4-4880-BFD8-23A25190C8B5}.Release|x64.ActiveCfg = Release|x64
		{9ECA57C7-4EB4-4880-BFD8-23A25190C8B5}.Release|x64.Build.0 = Release|x64
		{9ECA57C7-4EB4-4880-BFD8-23A25190C8B5}.Release|x86.ActiveCfg = Release|Win32
		{9ECA57C7-4EB4-4880-BFD8-23A25190C8B5}.Release|x86.Build.0 = Release|Win32
	EndGlobalSection
	GlobalSection(SolutionProperties) = preSolution
		HideSolutionNode = FALSE
	EndGlobalSection
	GlobalSection(ExtensibilityGlobals) = postSolution
		SolutionGuid = {A17B18D0-8C01-495C-9B33-0F09DF95D8A4}
	EndGlobalSection
EndGlobal
