
Microsoft Visual Studio Solution File, Format Version 12.00
# Visual Studio 15
VisualStudioVersion = 15.0.28307.902
MinimumVisualStudioVersion = 10.0.40219.1
Project("{8BC9CEB8-8B4A-11D0-8D11-00A0C91BC942}") = "vnxtpmd", "vnxtpmd\vnxtpmd.vcxproj", "{D99C1D58-02D6-4E72-8E34-AC8C988480C6}"
EndProject
Project("{8BC9CEB8-8B4A-11D0-8D11-00A0C91BC942}") = "vnxtptd", "vnxtptd\vnxtptd.vcxproj", "{4679B96D-1742-417D-A999-7245D046728F}"
EndProject
Global
	GlobalSection(SolutionConfigurationPlatforms) = preSolution
		Debug|x64 = Debug|x64
		Debug|x86 = Debug|x86
		Release|x64 = Release|x64
		Release|x86 = Release|x86
	EndGlobalSection
	GlobalSection(ProjectConfigurationPlatforms) = postSolution
		{D99C1D58-02D6-4E72-8E34-AC8C988480C6}.Debug|x64.ActiveCfg = Debug|x64
		{D99C1D58-02D6-4E72-8E34-AC8C988480C6}.Debug|x64.Build.0 = Debug|x64
		{D99C1D58-02D6-4E72-8E34-AC8C988480C6}.Debug|x86.ActiveCfg = Debug|Win32
		{D99C1D58-02D6-4E72-8E34-AC8C988480C6}.Debug|x86.Build.0 = Debug|Win32
		{D99C1D58-02D6-4E72-8E34-AC8C988480C6}.Release|x64.ActiveCfg = Release|x64
		{D99C1D58-02D6-4E72-8E34-AC8C988480C6}.Release|x64.Build.0 = Release|x64
		{D99C1D58-02D6-4E72-8E34-AC8C988480C6}.Release|x86.ActiveCfg = Release|Win32
		{D99C1D58-02D6-4E72-8E34-AC8C988480C6}.Release|x86.Build.0 = Release|Win32
		{4679B96D-1742-417D-A999-7245D046728F}.Debug|x64.ActiveCfg = Debug|x64
		{4679B96D-1742-417D-A999-7245D046728F}.Debug|x64.Build.0 = Debug|x64
		{4679B96D-1742-417D-A999-7245D046728F}.Debug|x86.ActiveCfg = Debug|Win32
		{4679B96D-1742-417D-A999-7245D046728F}.Debug|x86.Build.0 = Debug|Win32
		{4679B96D-1742-417D-A999-7245D046728F}.Release|x64.ActiveCfg = Release|x64
		{4679B96D-1742-417D-A999-7245D046728F}.Release|x64.Build.0 = Release|x64
		{4679B96D-1742-417D-A999-7245D046728F}.Release|x86.ActiveCfg = Release|Win32
		{4679B96D-1742-417D-A999-7245D046728F}.Release|x86.Build.0 = Release|Win32
	EndGlobalSection
	GlobalSection(SolutionProperties) = preSolution
		HideSolutionNode = FALSE
	EndGlobalSection
	GlobalSection(ExtensibilityGlobals) = postSolution
		SolutionGuid = {EC0BF8A9-652B-4C82-AF4D-575DC4CE7039}
	EndGlobalSection
EndGlobal
