
Microsoft Visual Studio Solution File, Format Version 12.00
# Visual Studio 2013
VisualStudioVersion = 12.0.40629.0
MinimumVisualStudioVersion = 10.0.40219.1
Project("{8BC9CEB8-8B4A-11D0-8D11-00A0C91BC942}") = "vnib", "vnib\vnib.vcxproj", "{11E987D6-4F5B-4E62-8C67-993D9132A623}"
EndProject
Global
	GlobalSection(SolutionConfigurationPlatforms) = preSolution
		Debug|Win32 = Debug|Win32
		Release|Win32 = Release|Win32
	EndGlobalSection
	GlobalSection(ProjectConfigurationPlatforms) = postSolution
		{11E987D6-4F5B-4E62-8C67-993D9132A623}.Debug|Win32.ActiveCfg = Debug|Win32
		{11E987D6-4F5B-4E62-8C67-993D9132A623}.Debug|Win32.Build.0 = Debug|Win32
		{11E987D6-4F5B-4E62-8C67-993D9132A623}.Release|Win32.ActiveCfg = Release|Win32
		{11E987D6-4F5B-4E62-8C67-993D9132A623}.Release|Win32.Build.0 = Release|Win32
	EndGlobalSection
	GlobalSection(SolutionProperties) = preSolution
		HideSolutionNode = FALSE
	EndGlobalSection
EndGlobal
