
Microsoft Visual Studio Solution File, Format Version 12.00
# Visual Studio 15
VisualStudioVersion = 15.0.28010.2003
MinimumVisualStudioVersion = 10.0.40219.1
Project("{8BC9CEB8-8B4A-11D0-8D11-00A0C91BC942}") = "vnminimd", "vnminimd\vnminimd.vcxproj", "{7DF015A8-BA29-4338-AD13-07E037E02A10}"
EndProject
Project("{8BC9CEB8-8B4A-11D0-8D11-00A0C91BC942}") = "vnminitd", "vnminitd\vnminitd.vcxproj", "{25B6F606-21B1-419F-9F5A-A2876C5628D7}"
EndProject
Global
	GlobalSection(SolutionConfigurationPlatforms) = preSolution
		Debug|x64 = Debug|x64
		Debug|x86 = Debug|x86
		Release|x64 = Release|x64
		Release|x86 = Release|x86
	EndGlobalSection
	GlobalSection(ProjectConfigurationPlatforms) = postSolution
		{7DF015A8-BA29-4338-AD13-07E037E02A10}.Debug|x64.ActiveCfg = Debug|x64
		{7DF015A8-BA29-4338-AD13-07E037E02A10}.Debug|x64.Build.0 = Debug|x64
		{7DF015A8-BA29-4338-AD13-07E037E02A10}.Debug|x86.ActiveCfg = Debug|Win32
		{7DF015A8-BA29-4338-AD13-07E037E02A10}.Debug|x86.Build.0 = Debug|Win32
		{7DF015A8-BA29-4338-AD13-07E037E02A10}.Release|x64.ActiveCfg = Release|x64
		{7DF015A8-BA29-4338-AD13-07E037E02A10}.Release|x64.Build.0 = Release|x64
		{7DF015A8-BA29-4338-AD13-07E037E02A10}.Release|x86.ActiveCfg = Release|Win32
		{7DF015A8-BA29-4338-AD13-07E037E02A10}.Release|x86.Build.0 = Release|Win32
		{25B6F606-21B1-419F-9F5A-A2876C5628D7}.Debug|x64.ActiveCfg = Debug|x64
		{25B6F606-21B1-419F-9F5A-A2876C5628D7}.Debug|x64.Build.0 = Debug|x64
		{25B6F606-21B1-419F-9F5A-A2876C5628D7}.Debug|x86.ActiveCfg = Debug|Win32
		{25B6F606-21B1-419F-9F5A-A2876C5628D7}.Debug|x86.Build.0 = Debug|Win32
		{25B6F606-21B1-419F-9F5A-A2876C5628D7}.Release|x64.ActiveCfg = Release|x64
		{25B6F606-21B1-419F-9F5A-A2876C5628D7}.Release|x64.Build.0 = Release|x64
		{25B6F606-21B1-419F-9F5A-A2876C5628D7}.Release|x86.ActiveCfg = Release|Win32
		{25B6F606-21B1-419F-9F5A-A2876C5628D7}.Release|x86.Build.0 = Release|Win32
	EndGlobalSection
	GlobalSection(SolutionProperties) = preSolution
		HideSolutionNode = FALSE
	EndGlobalSection
	GlobalSection(ExtensibilityGlobals) = postSolution
		SolutionGuid = {960F9E45-797C-4095-9DC8-649A3511DC55}
	EndGlobalSection
EndGlobal
